{
  "object": {
    "pins": [
      {
        "package": "AOCLib",
        "repositoryURL": "https://github.com/richardpineo/AOCLib",
        "state": {
          "branch": "main",
          "revision": "cc15dd8fbd3e294a34556fe8c99a9c5461b8f2c7",
          "version": null
        }
      }
    ]
  },
  "version": 1
}
