{
  "object": {
    "pins": [
      {
        "package": "AOCLib",
        "repositoryURL": "https://github.com/richardpineo/AOCLib",
        "state": {
          "branch": "main",
          "revision": "f7cde80a04858c759a28aad96b55d768864085fc",
          "version": null
        }
      }
    ]
  },
  "version": 1
}
