// !$*UTF8*$!
{
	archiveVersion = 1;
	classes = {
	};
	objectVersion = 50;
	objects = {

/* Begin PBXBuildFile section */
		BF0C3B7A257B5C8F0097E049 /* Example5.txt in Resources */ = {isa = PBXBuildFile; fileRef = BF0C3B74257B5C8F0097E049 /* Example5.txt */; };
		BF0C3B7B257B5C8F0097E049 /* Solve5.swift in Sources */ = {isa = PBXBuildFile; fileRef = BF0C3B75257B5C8F0097E049 /* Solve5.swift */; };
		BF0C3B7C257B5C8F0097E049 /* Input5.txt in Resources */ = {isa = PBXBuildFile; fileRef = BF0C3B76257B5C8F0097E049 /* Input5.txt */; };
		BF0C3B91257B5DC50097E049 /* TestPuzzle5.swift in Sources */ = {isa = PBXBuildFile; fileRef = BF0C3B90257B5DC50097E049 /* TestPuzzle5.swift */; };
		BF0C3B94257B5E050097E049 /* Solve5.swift in Sources */ = {isa = PBXBuildFile; fileRef = BF0C3B75257B5C8F0097E049 /* Solve5.swift */; };
		BF0C3B97257B5E0C0097E049 /* Input5.txt in Resources */ = {isa = PBXBuildFile; fileRef = BF0C3B76257B5C8F0097E049 /* Input5.txt */; };
		BF0C3B98257B5E0C0097E049 /* Example5.txt in Resources */ = {isa = PBXBuildFile; fileRef = BF0C3B74257B5C8F0097E049 /* Example5.txt */; };
		BF125BBB2576099700B6C3B3 /* Input1.txt in Resources */ = {isa = PBXBuildFile; fileRef = BF125BBA2576099700B6C3B3 /* Input1.txt */; };
		BF125BC3257609B700B6C3B3 /* Example1.txt in Resources */ = {isa = PBXBuildFile; fileRef = BF125BC2257609B700B6C3B3 /* Example1.txt */; };
		BF125BC8257609D600B6C3B3 /* Solve1.swift in Sources */ = {isa = PBXBuildFile; fileRef = BF125BC7257609D600B6C3B3 /* Solve1.swift */; };
		BF125BCE25760A2D00B6C3B3 /* FileHelper.swift in Sources */ = {isa = PBXBuildFile; fileRef = BF125BCD25760A2D00B6C3B3 /* FileHelper.swift */; };
		BF125BD325760BDB00B6C3B3 /* TestPuzzle1.swift in Sources */ = {isa = PBXBuildFile; fileRef = BF125BD225760BDB00B6C3B3 /* TestPuzzle1.swift */; };
		BF125BD725760C0C00B6C3B3 /* Solve1.swift in Sources */ = {isa = PBXBuildFile; fileRef = BF125BC7257609D600B6C3B3 /* Solve1.swift */; };
		BF125BDB25760C2900B6C3B3 /* FileHelper.swift in Sources */ = {isa = PBXBuildFile; fileRef = BF125BCD25760A2D00B6C3B3 /* FileHelper.swift */; };
		BF125C032576107100B6C3B3 /* PuzzleSolver.swift in Sources */ = {isa = PBXBuildFile; fileRef = BF125C022576107100B6C3B3 /* PuzzleSolver.swift */; };
		BF1A1A6D2580910A003F885D /* TestPuzzle9.swift in Sources */ = {isa = PBXBuildFile; fileRef = BF1A1A6C2580910A003F885D /* TestPuzzle9.swift */; };
		BF1A1A7225809123003F885D /* Solve9.swift in Sources */ = {isa = PBXBuildFile; fileRef = BFB721DA257F3D740021C4C4 /* Solve9.swift */; };
		BF1AFCAA258B1E210013C8CC /* Position3D.swift in Sources */ = {isa = PBXBuildFile; fileRef = BF1AFCA9258B1E210013C8CC /* Position3D.swift */; };
		BF1AFCAD258B1F920013C8CC /* Position3D.swift in Sources */ = {isa = PBXBuildFile; fileRef = BF1AFCA9258B1E210013C8CC /* Position3D.swift */; };
		BF1AFCB1258B26650013C8CC /* Position4D.swift in Sources */ = {isa = PBXBuildFile; fileRef = BF1AFCB0258B26650013C8CC /* Position4D.swift */; };
		BF1AFCB5258B26EE0013C8CC /* Positional.swift in Sources */ = {isa = PBXBuildFile; fileRef = BF1AFCB4258B26EE0013C8CC /* Positional.swift */; };
		BF1AFCB8258B27E90013C8CC /* Positional.swift in Sources */ = {isa = PBXBuildFile; fileRef = BF1AFCB4258B26EE0013C8CC /* Positional.swift */; };
		BF1AFCBB258B2CCC0013C8CC /* Position4D.swift in Sources */ = {isa = PBXBuildFile; fileRef = BF1AFCB0258B26650013C8CC /* Position4D.swift */; };
		BF3B15F32589D75900061C31 /* Example16-2.txt in Resources */ = {isa = PBXBuildFile; fileRef = BF3B15F22589D75900061C31 /* Example16-2.txt */; };
		BF4F5267257755E80036DE28 /* Solve1Status.swift in Sources */ = {isa = PBXBuildFile; fileRef = BF9513C4257628CE002C3100 /* Solve1Status.swift */; };
		BF4F526C257756B70036DE28 /* Solve2.swift in Sources */ = {isa = PBXBuildFile; fileRef = BF4F526B257756B70036DE28 /* Solve2.swift */; };
		BF4F5272257756D60036DE28 /* Example2.txt in Resources */ = {isa = PBXBuildFile; fileRef = BF4F5271257756D60036DE28 /* Example2.txt */; };
		BF4F52762577572C0036DE28 /* Input2.txt in Resources */ = {isa = PBXBuildFile; fileRef = BF4F52752577572C0036DE28 /* Input2.txt */; };
		BF4F527C25775A170036DE28 /* TestPuzzle2.swift in Sources */ = {isa = PBXBuildFile; fileRef = BF4F527B25775A170036DE28 /* TestPuzzle2.swift */; };
		BF4F527F25775A2C0036DE28 /* Solve2.swift in Sources */ = {isa = PBXBuildFile; fileRef = BF4F526B257756B70036DE28 /* Solve2.swift */; };
		BF5641792571C66500FC14B7 /* PuzzlePreviewData.swift in Sources */ = {isa = PBXBuildFile; fileRef = BF5641782571C66500FC14B7 /* PuzzlePreviewData.swift */; };
		BF56417E2571C70900FC14B7 /* PuzzleProcessing.swift in Sources */ = {isa = PBXBuildFile; fileRef = BF56417D2571C70900FC14B7 /* PuzzleProcessing.swift */; };
		BF60D3F32571B42700DA3C27 /* AOC2020App.swift in Sources */ = {isa = PBXBuildFile; fileRef = BF60D3F22571B42700DA3C27 /* AOC2020App.swift */; };
		BF60D3F52571B42700DA3C27 /* MainView.swift in Sources */ = {isa = PBXBuildFile; fileRef = BF60D3F42571B42700DA3C27 /* MainView.swift */; };
		BF60D3F72571B42800DA3C27 /* Assets.xcassets in Resources */ = {isa = PBXBuildFile; fileRef = BF60D3F62571B42800DA3C27 /* Assets.xcassets */; };
		BF60D3FA2571B42800DA3C27 /* Preview Assets.xcassets in Resources */ = {isa = PBXBuildFile; fileRef = BF60D3F92571B42800DA3C27 /* Preview Assets.xcassets */; };
		BF60D42A2571B53A00DA3C27 /* PuzzleCard.swift in Sources */ = {isa = PBXBuildFile; fileRef = BF60D4292571B53A00DA3C27 /* PuzzleCard.swift */; };
		BF60D42F2571B56500DA3C27 /* Puzzles.swift in Sources */ = {isa = PBXBuildFile; fileRef = BF60D42E2571B56500DA3C27 /* Puzzles.swift */; };
		BF60D4342571B6A500DA3C27 /* Puzzle.swift in Sources */ = {isa = PBXBuildFile; fileRef = BF60D4332571B6A500DA3C27 /* Puzzle.swift */; };
		BF60D4392571BCD500DA3C27 /* SolutionView.swift in Sources */ = {isa = PBXBuildFile; fileRef = BF60D4382571BCD500DA3C27 /* SolutionView.swift */; };
		BF60D4412571C10A00DA3C27 /* PuzzleDetails.swift in Sources */ = {isa = PBXBuildFile; fileRef = BF60D4402571C10A00DA3C27 /* PuzzleDetails.swift */; };
		BF60D4462571C5E500DA3C27 /* PuzzleProcessingView.swift in Sources */ = {isa = PBXBuildFile; fileRef = BF60D4452571C5E500DA3C27 /* PuzzleProcessingView.swift */; };
		BF9513A925761E8C002C3100 /* ControlCenter.swift in Sources */ = {isa = PBXBuildFile; fileRef = BF9513A825761E8C002C3100 /* ControlCenter.swift */; };
		BF9513AE257624C7002C3100 /* PuzzleSolver.swift in Sources */ = {isa = PBXBuildFile; fileRef = BF125C022576107100B6C3B3 /* PuzzleSolver.swift */; };
		BF9513B62576255D002C3100 /* TestPuzzle.swift in Sources */ = {isa = PBXBuildFile; fileRef = BF9513B52576255D002C3100 /* TestPuzzle.swift */; };
		BF9513BD257627D9002C3100 /* DetailsView1.swift in Sources */ = {isa = PBXBuildFile; fileRef = BF9513BC257627D9002C3100 /* DetailsView1.swift */; };
		BF9513C5257628CE002C3100 /* Solve1Status.swift in Sources */ = {isa = PBXBuildFile; fileRef = BF9513C4257628CE002C3100 /* Solve1Status.swift */; };
		BFB23DF12585653800B7B7BD /* DetailsView11.swift in Sources */ = {isa = PBXBuildFile; fileRef = BFB23DF02585653800B7B7BD /* DetailsView11.swift */; };
		BFB23DF52585DB4400B7B7BD /* Example13-2.txt in Resources */ = {isa = PBXBuildFile; fileRef = BFB23DF42585DB4400B7B7BD /* Example13-2.txt */; };
		BFB23DFB2585DB7C00B7B7BD /* Example13-5.txt in Resources */ = {isa = PBXBuildFile; fileRef = BFB23DF82585DB7C00B7B7BD /* Example13-5.txt */; };
		BFB23DFC2585DB7C00B7B7BD /* Example13-3.txt in Resources */ = {isa = PBXBuildFile; fileRef = BFB23DF92585DB7C00B7B7BD /* Example13-3.txt */; };
		BFB23DFD2585DB7C00B7B7BD /* Example13-4.txt in Resources */ = {isa = PBXBuildFile; fileRef = BFB23DFA2585DB7C00B7B7BD /* Example13-4.txt */; };
		BFB23E012585DBD800B7B7BD /* Example13-6.txt in Resources */ = {isa = PBXBuildFile; fileRef = BFB23E002585DBD800B7B7BD /* Example13-6.txt */; };
		BFB23E092585EC3A00B7B7BD /* MathHelper.swift in Sources */ = {isa = PBXBuildFile; fileRef = BFB23E082585EC3A00B7B7BD /* MathHelper.swift */; };
		BFB23E0D2585EC9900B7B7BD /* TestMathHelper.swift in Sources */ = {isa = PBXBuildFile; fileRef = BFB23E0C2585EC9900B7B7BD /* TestMathHelper.swift */; };
		BFB23E102585ED0800B7B7BD /* MathHelper.swift in Sources */ = {isa = PBXBuildFile; fileRef = BFB23E082585EC3A00B7B7BD /* MathHelper.swift */; };
		BFB23E162585F0B500B7B7BD /* DetailsView12.swift in Sources */ = {isa = PBXBuildFile; fileRef = BFB23E152585F0B500B7B7BD /* DetailsView12.swift */; };
		BFB7219C257F3AB80021C4C4 /* Input8.txt in Resources */ = {isa = PBXBuildFile; fileRef = BFB72199257F3AB80021C4C4 /* Input8.txt */; };
		BFB7219D257F3AB80021C4C4 /* Solve8.swift in Sources */ = {isa = PBXBuildFile; fileRef = BFB7219A257F3AB80021C4C4 /* Solve8.swift */; };
		BFB7219E257F3AB80021C4C4 /* Example8.txt in Resources */ = {isa = PBXBuildFile; fileRef = BFB7219B257F3AB80021C4C4 /* Example8.txt */; };
		BFB721A4257F3B300021C4C4 /* TestPuzzle8.swift in Sources */ = {isa = PBXBuildFile; fileRef = BFB721A3257F3B300021C4C4 /* TestPuzzle8.swift */; };
		BFB721A9257F3B450021C4C4 /* Solve8.swift in Sources */ = {isa = PBXBuildFile; fileRef = BFB7219A257F3AB80021C4C4 /* Solve8.swift */; };
		BFB721F0257F3D740021C4C4 /* Input21.txt in Resources */ = {isa = PBXBuildFile; fileRef = BFB721AD257F3D730021C4C4 /* Input21.txt */; };
		BFB721F1257F3D740021C4C4 /* Example21.txt in Resources */ = {isa = PBXBuildFile; fileRef = BFB721AE257F3D730021C4C4 /* Example21.txt */; };
		BFB721F2257F3D740021C4C4 /* Solve21.swift in Sources */ = {isa = PBXBuildFile; fileRef = BFB721AF257F3D730021C4C4 /* Solve21.swift */; };
		BFB721F3257F3D740021C4C4 /* Input19.txt in Resources */ = {isa = PBXBuildFile; fileRef = BFB721B1257F3D730021C4C4 /* Input19.txt */; };
		BFB721F4257F3D740021C4C4 /* Example19.txt in Resources */ = {isa = PBXBuildFile; fileRef = BFB721B2257F3D730021C4C4 /* Example19.txt */; };
		BFB721F5257F3D740021C4C4 /* Solve19.swift in Sources */ = {isa = PBXBuildFile; fileRef = BFB721B3257F3D730021C4C4 /* Solve19.swift */; };
		BFB721F6257F3D740021C4C4 /* Solve10.swift in Sources */ = {isa = PBXBuildFile; fileRef = BFB721B5257F3D730021C4C4 /* Solve10.swift */; };
		BFB721F7257F3D740021C4C4 /* Input10.txt in Resources */ = {isa = PBXBuildFile; fileRef = BFB721B6257F3D730021C4C4 /* Input10.txt */; };
		BFB721F8257F3D740021C4C4 /* Example10.txt in Resources */ = {isa = PBXBuildFile; fileRef = BFB721B7257F3D730021C4C4 /* Example10.txt */; };
		BFB721F9257F3D740021C4C4 /* Solve18.swift in Sources */ = {isa = PBXBuildFile; fileRef = BFB721B9257F3D740021C4C4 /* Solve18.swift */; };
		BFB721FA257F3D740021C4C4 /* Input18.txt in Resources */ = {isa = PBXBuildFile; fileRef = BFB721BA257F3D740021C4C4 /* Input18.txt */; };
		BFB721FB257F3D740021C4C4 /* Example18.txt in Resources */ = {isa = PBXBuildFile; fileRef = BFB721BB257F3D740021C4C4 /* Example18.txt */; };
		BFB721FC257F3D740021C4C4 /* Input22.txt in Resources */ = {isa = PBXBuildFile; fileRef = BFB721BD257F3D740021C4C4 /* Input22.txt */; };
		BFB721FD257F3D740021C4C4 /* Example22.txt in Resources */ = {isa = PBXBuildFile; fileRef = BFB721BE257F3D740021C4C4 /* Example22.txt */; };
		BFB721FE257F3D740021C4C4 /* Solve22.swift in Sources */ = {isa = PBXBuildFile; fileRef = BFB721BF257F3D740021C4C4 /* Solve22.swift */; };
		BFB721FF257F3D740021C4C4 /* Solve25.swift in Sources */ = {isa = PBXBuildFile; fileRef = BFB721C1257F3D740021C4C4 /* Solve25.swift */; };
		BFB72200257F3D740021C4C4 /* Input25.txt in Resources */ = {isa = PBXBuildFile; fileRef = BFB721C2257F3D740021C4C4 /* Input25.txt */; };
		BFB72201257F3D740021C4C4 /* Example25.txt in Resources */ = {isa = PBXBuildFile; fileRef = BFB721C3257F3D740021C4C4 /* Example25.txt */; };
		BFB72202257F3D740021C4C4 /* Solve12.swift in Sources */ = {isa = PBXBuildFile; fileRef = BFB721C5257F3D740021C4C4 /* Solve12.swift */; };
		BFB72203257F3D740021C4C4 /* Input12.txt in Resources */ = {isa = PBXBuildFile; fileRef = BFB721C6257F3D740021C4C4 /* Input12.txt */; };
		BFB72204257F3D740021C4C4 /* Example12.txt in Resources */ = {isa = PBXBuildFile; fileRef = BFB721C7257F3D740021C4C4 /* Example12.txt */; };
		BFB72205257F3D740021C4C4 /* Solve17.swift in Sources */ = {isa = PBXBuildFile; fileRef = BFB721C9257F3D740021C4C4 /* Solve17.swift */; };
		BFB72206257F3D740021C4C4 /* Input17.txt in Resources */ = {isa = PBXBuildFile; fileRef = BFB721CA257F3D740021C4C4 /* Input17.txt */; };
		BFB72207257F3D740021C4C4 /* Example17.txt in Resources */ = {isa = PBXBuildFile; fileRef = BFB721CB257F3D740021C4C4 /* Example17.txt */; };
		BFB72208257F3D740021C4C4 /* Solve16.swift in Sources */ = {isa = PBXBuildFile; fileRef = BFB721CD257F3D740021C4C4 /* Solve16.swift */; };
		BFB72209257F3D740021C4C4 /* Input16.txt in Resources */ = {isa = PBXBuildFile; fileRef = BFB721CE257F3D740021C4C4 /* Input16.txt */; };
		BFB7220A257F3D740021C4C4 /* Example16.txt in Resources */ = {isa = PBXBuildFile; fileRef = BFB721CF257F3D740021C4C4 /* Example16.txt */; };
		BFB7220B257F3D740021C4C4 /* Input23.txt in Resources */ = {isa = PBXBuildFile; fileRef = BFB721D1257F3D740021C4C4 /* Input23.txt */; };
		BFB7220C257F3D740021C4C4 /* Solve23.swift in Sources */ = {isa = PBXBuildFile; fileRef = BFB721D2257F3D740021C4C4 /* Solve23.swift */; };
		BFB7220D257F3D740021C4C4 /* Example23.txt in Resources */ = {isa = PBXBuildFile; fileRef = BFB721D3257F3D740021C4C4 /* Example23.txt */; };
		BFB7220E257F3D740021C4C4 /* Input24.txt in Resources */ = {isa = PBXBuildFile; fileRef = BFB721D5257F3D740021C4C4 /* Input24.txt */; };
		BFB7220F257F3D740021C4C4 /* Example24.txt in Resources */ = {isa = PBXBuildFile; fileRef = BFB721D6257F3D740021C4C4 /* Example24.txt */; };
		BFB72210257F3D740021C4C4 /* Solve24.swift in Sources */ = {isa = PBXBuildFile; fileRef = BFB721D7257F3D740021C4C4 /* Solve24.swift */; };
		BFB72211257F3D740021C4C4 /* Input9.txt in Resources */ = {isa = PBXBuildFile; fileRef = BFB721D9257F3D740021C4C4 /* Input9.txt */; };
		BFB72212257F3D740021C4C4 /* Solve9.swift in Sources */ = {isa = PBXBuildFile; fileRef = BFB721DA257F3D740021C4C4 /* Solve9.swift */; };
		BFB72213257F3D740021C4C4 /* Example9.txt in Resources */ = {isa = PBXBuildFile; fileRef = BFB721DB257F3D740021C4C4 /* Example9.txt */; };
		BFB72214257F3D740021C4C4 /* Solve13.swift in Sources */ = {isa = PBXBuildFile; fileRef = BFB721DD257F3D740021C4C4 /* Solve13.swift */; };
		BFB72215257F3D740021C4C4 /* Input13.txt in Resources */ = {isa = PBXBuildFile; fileRef = BFB721DE257F3D740021C4C4 /* Input13.txt */; };
		BFB72216257F3D740021C4C4 /* Example13.txt in Resources */ = {isa = PBXBuildFile; fileRef = BFB721DF257F3D740021C4C4 /* Example13.txt */; };
		BFB72217257F3D740021C4C4 /* Solve15.swift in Sources */ = {isa = PBXBuildFile; fileRef = BFB721E1257F3D740021C4C4 /* Solve15.swift */; };
		BFB7221A257F3D740021C4C4 /* Solve14.swift in Sources */ = {isa = PBXBuildFile; fileRef = BFB721E5257F3D740021C4C4 /* Solve14.swift */; };
		BFB7221B257F3D740021C4C4 /* Input14.txt in Resources */ = {isa = PBXBuildFile; fileRef = BFB721E6257F3D740021C4C4 /* Input14.txt */; };
		BFB7221C257F3D740021C4C4 /* Example14.txt in Resources */ = {isa = PBXBuildFile; fileRef = BFB721E7257F3D740021C4C4 /* Example14.txt */; };
		BFB7221D257F3D740021C4C4 /* Input20.txt in Resources */ = {isa = PBXBuildFile; fileRef = BFB721E9257F3D740021C4C4 /* Input20.txt */; };
		BFB7221E257F3D740021C4C4 /* Example20.txt in Resources */ = {isa = PBXBuildFile; fileRef = BFB721EA257F3D740021C4C4 /* Example20.txt */; };
		BFB7221F257F3D740021C4C4 /* Solve20.swift in Sources */ = {isa = PBXBuildFile; fileRef = BFB721EB257F3D740021C4C4 /* Solve20.swift */; };
		BFB72220257F3D740021C4C4 /* Solve11.swift in Sources */ = {isa = PBXBuildFile; fileRef = BFB721ED257F3D740021C4C4 /* Solve11.swift */; };
		BFB72221257F3D740021C4C4 /* Input11.txt in Resources */ = {isa = PBXBuildFile; fileRef = BFB721EE257F3D740021C4C4 /* Input11.txt */; };
		BFB72222257F3D740021C4C4 /* Example11.txt in Resources */ = {isa = PBXBuildFile; fileRef = BFB721EF257F3D740021C4C4 /* Example11.txt */; };
		BFB8FEDC257CB45A001CE683 /* Example6.txt in Resources */ = {isa = PBXBuildFile; fileRef = BFB8FED9257CB45A001CE683 /* Example6.txt */; };
		BFB8FEDD257CB45A001CE683 /* Input6.txt in Resources */ = {isa = PBXBuildFile; fileRef = BFB8FEDA257CB45A001CE683 /* Input6.txt */; };
		BFB8FEDE257CB45A001CE683 /* Solve6.swift in Sources */ = {isa = PBXBuildFile; fileRef = BFB8FEDB257CB45A001CE683 /* Solve6.swift */; };
		BFB8FEE1257CB45F001CE683 /* Solve6.swift in Sources */ = {isa = PBXBuildFile; fileRef = BFB8FEDB257CB45A001CE683 /* Solve6.swift */; };
		BFB8FEE5257CB48D001CE683 /* TestPuzzle6.swift in Sources */ = {isa = PBXBuildFile; fileRef = BFB8FEE4257CB48D001CE683 /* TestPuzzle6.swift */; };
		BFB8FEEE257DFC55001CE683 /* Example7.txt in Resources */ = {isa = PBXBuildFile; fileRef = BFB8FEEB257DFC55001CE683 /* Example7.txt */; };
		BFB8FEEF257DFC55001CE683 /* Input7.txt in Resources */ = {isa = PBXBuildFile; fileRef = BFB8FEEC257DFC55001CE683 /* Input7.txt */; };
		BFB8FEF0257DFC55001CE683 /* Solve7.swift in Sources */ = {isa = PBXBuildFile; fileRef = BFB8FEED257DFC55001CE683 /* Solve7.swift */; };
		BFB8FEF3257DFC58001CE683 /* Solve7.swift in Sources */ = {isa = PBXBuildFile; fileRef = BFB8FEED257DFC55001CE683 /* Solve7.swift */; };
		BFB8FEF7257DFFA9001CE683 /* TestPuzzle7.swift in Sources */ = {isa = PBXBuildFile; fileRef = BFB8FEF6257DFFA9001CE683 /* TestPuzzle7.swift */; };
		BFB8FEFD257E1002001CE683 /* Example7-2.txt in Resources */ = {isa = PBXBuildFile; fileRef = BFB8FEFC257E1002001CE683 /* Example7-2.txt */; };
		BFE59D1D2579FBB000CBE639 /* Solve4.swift in Sources */ = {isa = PBXBuildFile; fileRef = BFE59D1A2579FBB000CBE639 /* Solve4.swift */; };
		BFE59D1E2579FBB000CBE639 /* Solve4.swift in Sources */ = {isa = PBXBuildFile; fileRef = BFE59D1A2579FBB000CBE639 /* Solve4.swift */; };
		BFE59D1F2579FBB000CBE639 /* Input4.txt in Resources */ = {isa = PBXBuildFile; fileRef = BFE59D1B2579FBB000CBE639 /* Input4.txt */; };
		BFE59D202579FBB000CBE639 /* Input4.txt in Resources */ = {isa = PBXBuildFile; fileRef = BFE59D1B2579FBB000CBE639 /* Input4.txt */; };
		BFE59D212579FBB000CBE639 /* Example4.txt in Resources */ = {isa = PBXBuildFile; fileRef = BFE59D1C2579FBB000CBE639 /* Example4.txt */; };
		BFE59D222579FBB000CBE639 /* Example4.txt in Resources */ = {isa = PBXBuildFile; fileRef = BFE59D1C2579FBB000CBE639 /* Example4.txt */; };
		BFE59D292579FBE400CBE639 /* TestPuzzle4.swift in Sources */ = {isa = PBXBuildFile; fileRef = BFE59D272579FBE400CBE639 /* TestPuzzle4.swift */; };
		BFE59D3B257A041B00CBE639 /* Example4b-invalid.txt in Resources */ = {isa = PBXBuildFile; fileRef = BFE59D39257A041B00CBE639 /* Example4b-invalid.txt */; };
		BFE59D3C257A041B00CBE639 /* Example4b-invalid.txt in Resources */ = {isa = PBXBuildFile; fileRef = BFE59D39257A041B00CBE639 /* Example4b-invalid.txt */; };
		BFE59D3D257A041B00CBE639 /* Example4b-valid.txt in Resources */ = {isa = PBXBuildFile; fileRef = BFE59D3A257A041B00CBE639 /* Example4b-valid.txt */; };
		BFE59D3E257A041B00CBE639 /* Example4b-valid.txt in Resources */ = {isa = PBXBuildFile; fileRef = BFE59D3A257A041B00CBE639 /* Example4b-valid.txt */; };
		BFE59D4B257A0ECB00CBE639 /* DetailsView4.swift in Sources */ = {isa = PBXBuildFile; fileRef = BFE59D4A257A0ECB00CBE639 /* DetailsView4.swift */; };
		BFE59D4C257A0ECB00CBE639 /* DetailsView4.swift in Sources */ = {isa = PBXBuildFile; fileRef = BFE59D4A257A0ECB00CBE639 /* DetailsView4.swift */; };
		BFE59D51257A15E400CBE639 /* ProcessingIndicatorView.swift in Sources */ = {isa = PBXBuildFile; fileRef = BFE59D50257A15E400CBE639 /* ProcessingIndicatorView.swift */; };
		BFE59D52257A15E400CBE639 /* ProcessingIndicatorView.swift in Sources */ = {isa = PBXBuildFile; fileRef = BFE59D50257A15E400CBE639 /* ProcessingIndicatorView.swift */; };
		BFEBED0625873851007EAE49 /* Example14-2.txt in Resources */ = {isa = PBXBuildFile; fileRef = BFEBED0525873851007EAE49 /* Example14-2.txt */; };
		BFF06E382578AB0600725DE7 /* Example3.txt in Resources */ = {isa = PBXBuildFile; fileRef = BFF06E372578AB0600725DE7 /* Example3.txt */; };
		BFF06E3E2578AB1300725DE7 /* Input3.txt in Resources */ = {isa = PBXBuildFile; fileRef = BFF06E3D2578AB1300725DE7 /* Input3.txt */; };
		BFF06E442578AB2000725DE7 /* Solve3.swift in Sources */ = {isa = PBXBuildFile; fileRef = BFF06E432578AB2000725DE7 /* Solve3.swift */; };
		BFF06E482578ABB400725DE7 /* TestPuzzle3.swift in Sources */ = {isa = PBXBuildFile; fileRef = BFF06E472578ABB400725DE7 /* TestPuzzle3.swift */; };
		BFF06E4B2578ABD000725DE7 /* Solve3.swift in Sources */ = {isa = PBXBuildFile; fileRef = BFF06E432578AB2000725DE7 /* Solve3.swift */; };
		BFF06E4F2578AC6C00725DE7 /* Position2D.swift in Sources */ = {isa = PBXBuildFile; fileRef = BFF06E4E2578AC6C00725DE7 /* Position2D.swift */; };
		BFF06E522578ADB400725DE7 /* Position2D.swift in Sources */ = {isa = PBXBuildFile; fileRef = BFF06E4E2578AC6C00725DE7 /* Position2D.swift */; };
		BFF06E562578B18300725DE7 /* StringExtensions.swift in Sources */ = {isa = PBXBuildFile; fileRef = BFF06E552578B18300725DE7 /* StringExtensions.swift */; };
		BFF06E592578B24500725DE7 /* StringExtensions.swift in Sources */ = {isa = PBXBuildFile; fileRef = BFF06E552578B18300725DE7 /* StringExtensions.swift */; };
		BFF2376E258486E20019D2F2 /* Heading.swift in Sources */ = {isa = PBXBuildFile; fileRef = BFF2376D258486E20019D2F2 /* Heading.swift */; };
		BFF23771258488D10019D2F2 /* Heading.swift in Sources */ = {isa = PBXBuildFile; fileRef = BFF2376D258486E20019D2F2 /* Heading.swift */; };
		BFF751DD2583140C0033BD7C /* Example10-2.txt in Resources */ = {isa = PBXBuildFile; fileRef = BFF751DC2583140C0033BD7C /* Example10-2.txt */; };
		BFF751E1258314820033BD7C /* TestPuzzle10.swift in Sources */ = {isa = PBXBuildFile; fileRef = BFF751E0258314820033BD7C /* TestPuzzle10.swift */; };
		BFF751E4258314930033BD7C /* Solve10.swift in Sources */ = {isa = PBXBuildFile; fileRef = BFB721B5257F3D730021C4C4 /* Solve10.swift */; };
		BFF751E7258314970033BD7C /* Solve11.swift in Sources */ = {isa = PBXBuildFile; fileRef = BFB721ED257F3D740021C4C4 /* Solve11.swift */; };
		BFF751EA2583149A0033BD7C /* Solve12.swift in Sources */ = {isa = PBXBuildFile; fileRef = BFB721C5257F3D740021C4C4 /* Solve12.swift */; };
		BFF751ED2583149F0033BD7C /* Solve13.swift in Sources */ = {isa = PBXBuildFile; fileRef = BFB721DD257F3D740021C4C4 /* Solve13.swift */; };
		BFF751F0258314A20033BD7C /* Solve14.swift in Sources */ = {isa = PBXBuildFile; fileRef = BFB721E5257F3D740021C4C4 /* Solve14.swift */; };
		BFF751F3258314A70033BD7C /* Solve15.swift in Sources */ = {isa = PBXBuildFile; fileRef = BFB721E1257F3D740021C4C4 /* Solve15.swift */; };
		BFF751F6258314AA0033BD7C /* Solve16.swift in Sources */ = {isa = PBXBuildFile; fileRef = BFB721CD257F3D740021C4C4 /* Solve16.swift */; };
		BFF751F9258314AD0033BD7C /* Solve17.swift in Sources */ = {isa = PBXBuildFile; fileRef = BFB721C9257F3D740021C4C4 /* Solve17.swift */; };
		BFF751FC258314B10033BD7C /* Solve18.swift in Sources */ = {isa = PBXBuildFile; fileRef = BFB721B9257F3D740021C4C4 /* Solve18.swift */; };
		BFF751FF258314B50033BD7C /* Solve19.swift in Sources */ = {isa = PBXBuildFile; fileRef = BFB721B3257F3D730021C4C4 /* Solve19.swift */; };
		BFF75202258314B90033BD7C /* Solve20.swift in Sources */ = {isa = PBXBuildFile; fileRef = BFB721EB257F3D740021C4C4 /* Solve20.swift */; };
		BFF75205258314BC0033BD7C /* Solve21.swift in Sources */ = {isa = PBXBuildFile; fileRef = BFB721AF257F3D730021C4C4 /* Solve21.swift */; };
		BFF75208258314C00033BD7C /* Solve22.swift in Sources */ = {isa = PBXBuildFile; fileRef = BFB721BF257F3D740021C4C4 /* Solve22.swift */; };
		BFF7520B258314C70033BD7C /* Solve23.swift in Sources */ = {isa = PBXBuildFile; fileRef = BFB721D2257F3D740021C4C4 /* Solve23.swift */; };
		BFF7520E258314CA0033BD7C /* Solve24.swift in Sources */ = {isa = PBXBuildFile; fileRef = BFB721D7257F3D740021C4C4 /* Solve24.swift */; };
		BFF75211258314CE0033BD7C /* Solve25.swift in Sources */ = {isa = PBXBuildFile; fileRef = BFB721C1257F3D740021C4C4 /* Solve25.swift */; };
		BFF75225258315CC0033BD7C /* TestPuzzle15.swift in Sources */ = {isa = PBXBuildFile; fileRef = BFF75216258315CB0033BD7C /* TestPuzzle15.swift */; };
		BFF75226258315CC0033BD7C /* TestPuzzle21.swift in Sources */ = {isa = PBXBuildFile; fileRef = BFF75217258315CB0033BD7C /* TestPuzzle21.swift */; };
		BFF75227258315CC0033BD7C /* TestPuzzle12.swift in Sources */ = {isa = PBXBuildFile; fileRef = BFF75218258315CB0033BD7C /* TestPuzzle12.swift */; };
		BFF75228258315CC0033BD7C /* TestPuzzle13.swift in Sources */ = {isa = PBXBuildFile; fileRef = BFF75219258315CB0033BD7C /* TestPuzzle13.swift */; };
		BFF75229258315CC0033BD7C /* TestPuzzle22.swift in Sources */ = {isa = PBXBuildFile; fileRef = BFF7521A258315CB0033BD7C /* TestPuzzle22.swift */; };
		BFF7522A258315CC0033BD7C /* TestPuzzle19.swift in Sources */ = {isa = PBXBuildFile; fileRef = BFF7521B258315CB0033BD7C /* TestPuzzle19.swift */; };
		BFF7522B258315CC0033BD7C /* TestPuzzle16.swift in Sources */ = {isa = PBXBuildFile; fileRef = BFF7521C258315CC0033BD7C /* TestPuzzle16.swift */; };
		BFF7522C258315CC0033BD7C /* TestPuzzle14.swift in Sources */ = {isa = PBXBuildFile; fileRef = BFF7521D258315CC0033BD7C /* TestPuzzle14.swift */; };
		BFF7522D258315CC0033BD7C /* TestPuzzle25.swift in Sources */ = {isa = PBXBuildFile; fileRef = BFF7521E258315CC0033BD7C /* TestPuzzle25.swift */; };
		BFF7522E258315CC0033BD7C /* TestPuzzle24.swift in Sources */ = {isa = PBXBuildFile; fileRef = BFF7521F258315CC0033BD7C /* TestPuzzle24.swift */; };
		BFF7522F258315CC0033BD7C /* TestPuzzle18.swift in Sources */ = {isa = PBXBuildFile; fileRef = BFF75220258315CC0033BD7C /* TestPuzzle18.swift */; };
		BFF75230258315CC0033BD7C /* TestPuzzle17.swift in Sources */ = {isa = PBXBuildFile; fileRef = BFF75221258315CC0033BD7C /* TestPuzzle17.swift */; };
		BFF75231258315CC0033BD7C /* TestPuzzle23.swift in Sources */ = {isa = PBXBuildFile; fileRef = BFF75222258315CC0033BD7C /* TestPuzzle23.swift */; };
		BFF75232258315CC0033BD7C /* TestPuzzle11.swift in Sources */ = {isa = PBXBuildFile; fileRef = BFF75223258315CC0033BD7C /* TestPuzzle11.swift */; };
		BFF75233258315CC0033BD7C /* TestPuzzle20.swift in Sources */ = {isa = PBXBuildFile; fileRef = BFF75224258315CC0033BD7C /* TestPuzzle20.swift */; };
/* End PBXBuildFile section */

/* Begin PBXContainerItemProxy section */
		BF60D4012571B42800DA3C27 /* PBXContainerItemProxy */ = {
			isa = PBXContainerItemProxy;
			containerPortal = BF60D3E72571B42700DA3C27 /* Project object */;
			proxyType = 1;
			remoteGlobalIDString = BF60D3EE2571B42700DA3C27;
			remoteInfo = AOC2020;
		};
/* End PBXContainerItemProxy section */

/* Begin PBXFileReference section */
		BF0C3B74257B5C8F0097E049 /* Example5.txt */ = {isa = PBXFileReference; fileEncoding = 4; lastKnownFileType = text; path = Example5.txt; sourceTree = "<group>"; };
		BF0C3B75257B5C8F0097E049 /* Solve5.swift */ = {isa = PBXFileReference; fileEncoding = 4; lastKnownFileType = sourcecode.swift; path = Solve5.swift; sourceTree = "<group>"; };
		BF0C3B76257B5C8F0097E049 /* Input5.txt */ = {isa = PBXFileReference; fileEncoding = 4; lastKnownFileType = text; path = Input5.txt; sourceTree = "<group>"; };
		BF0C3B90257B5DC50097E049 /* TestPuzzle5.swift */ = {isa = PBXFileReference; fileEncoding = 4; lastKnownFileType = sourcecode.swift; path = TestPuzzle5.swift; sourceTree = "<group>"; };
		BF125BBA2576099700B6C3B3 /* Input1.txt */ = {isa = PBXFileReference; lastKnownFileType = text; path = Input1.txt; sourceTree = "<group>"; };
		BF125BC2257609B700B6C3B3 /* Example1.txt */ = {isa = PBXFileReference; lastKnownFileType = text; path = Example1.txt; sourceTree = "<group>"; };
		BF125BC7257609D600B6C3B3 /* Solve1.swift */ = {isa = PBXFileReference; lastKnownFileType = sourcecode.swift; path = Solve1.swift; sourceTree = "<group>"; };
		BF125BCD25760A2D00B6C3B3 /* FileHelper.swift */ = {isa = PBXFileReference; lastKnownFileType = sourcecode.swift; path = FileHelper.swift; sourceTree = "<group>"; };
		BF125BD225760BDB00B6C3B3 /* TestPuzzle1.swift */ = {isa = PBXFileReference; lastKnownFileType = sourcecode.swift; path = TestPuzzle1.swift; sourceTree = "<group>"; };
		BF125C022576107100B6C3B3 /* PuzzleSolver.swift */ = {isa = PBXFileReference; lastKnownFileType = sourcecode.swift; path = PuzzleSolver.swift; sourceTree = "<group>"; };
		BF1A1A6C2580910A003F885D /* TestPuzzle9.swift */ = {isa = PBXFileReference; lastKnownFileType = sourcecode.swift; path = TestPuzzle9.swift; sourceTree = "<group>"; };
		BF1AFCA9258B1E210013C8CC /* Position3D.swift */ = {isa = PBXFileReference; lastKnownFileType = sourcecode.swift; path = Position3D.swift; sourceTree = "<group>"; };
		BF1AFCB0258B26650013C8CC /* Position4D.swift */ = {isa = PBXFileReference; lastKnownFileType = sourcecode.swift; path = Position4D.swift; sourceTree = "<group>"; };
		BF1AFCB4258B26EE0013C8CC /* Positional.swift */ = {isa = PBXFileReference; lastKnownFileType = sourcecode.swift; path = Positional.swift; sourceTree = "<group>"; };
		BF3B15F22589D75900061C31 /* Example16-2.txt */ = {isa = PBXFileReference; lastKnownFileType = text; path = "Example16-2.txt"; sourceTree = "<group>"; };
		BF4F526B257756B70036DE28 /* Solve2.swift */ = {isa = PBXFileReference; lastKnownFileType = sourcecode.swift; path = Solve2.swift; sourceTree = "<group>"; };
		BF4F5271257756D60036DE28 /* Example2.txt */ = {isa = PBXFileReference; lastKnownFileType = text; path = Example2.txt; sourceTree = "<group>"; };
		BF4F52752577572C0036DE28 /* Input2.txt */ = {isa = PBXFileReference; lastKnownFileType = text; path = Input2.txt; sourceTree = "<group>"; };
		BF4F527B25775A170036DE28 /* TestPuzzle2.swift */ = {isa = PBXFileReference; lastKnownFileType = sourcecode.swift; path = TestPuzzle2.swift; sourceTree = "<group>"; };
		BF5641782571C66500FC14B7 /* PuzzlePreviewData.swift */ = {isa = PBXFileReference; lastKnownFileType = sourcecode.swift; path = PuzzlePreviewData.swift; sourceTree = "<group>"; };
		BF56417D2571C70900FC14B7 /* PuzzleProcessing.swift */ = {isa = PBXFileReference; lastKnownFileType = sourcecode.swift; path = PuzzleProcessing.swift; sourceTree = "<group>"; };
		BF60D3EF2571B42700DA3C27 /* AOC2020.app */ = {isa = PBXFileReference; explicitFileType = wrapper.application; includeInIndex = 0; path = AOC2020.app; sourceTree = BUILT_PRODUCTS_DIR; };
		BF60D3F22571B42700DA3C27 /* AOC2020App.swift */ = {isa = PBXFileReference; lastKnownFileType = sourcecode.swift; path = AOC2020App.swift; sourceTree = "<group>"; };
		BF60D3F42571B42700DA3C27 /* MainView.swift */ = {isa = PBXFileReference; lastKnownFileType = sourcecode.swift; path = MainView.swift; sourceTree = "<group>"; };
		BF60D3F62571B42800DA3C27 /* Assets.xcassets */ = {isa = PBXFileReference; lastKnownFileType = folder.assetcatalog; path = Assets.xcassets; sourceTree = "<group>"; };
		BF60D3F92571B42800DA3C27 /* Preview Assets.xcassets */ = {isa = PBXFileReference; lastKnownFileType = folder.assetcatalog; path = "Preview Assets.xcassets"; sourceTree = "<group>"; };
		BF60D3FB2571B42800DA3C27 /* Info.plist */ = {isa = PBXFileReference; lastKnownFileType = text.plist.xml; path = Info.plist; sourceTree = "<group>"; };
		BF60D4002571B42800DA3C27 /* AOC2020Tests.xctest */ = {isa = PBXFileReference; explicitFileType = wrapper.cfbundle; includeInIndex = 0; path = AOC2020Tests.xctest; sourceTree = BUILT_PRODUCTS_DIR; };
		BF60D4062571B42800DA3C27 /* Info.plist */ = {isa = PBXFileReference; lastKnownFileType = text.plist.xml; path = Info.plist; sourceTree = "<group>"; };
		BF60D4292571B53A00DA3C27 /* PuzzleCard.swift */ = {isa = PBXFileReference; lastKnownFileType = sourcecode.swift; path = PuzzleCard.swift; sourceTree = "<group>"; };
		BF60D42E2571B56500DA3C27 /* Puzzles.swift */ = {isa = PBXFileReference; lastKnownFileType = sourcecode.swift; path = Puzzles.swift; sourceTree = "<group>"; };
		BF60D4332571B6A500DA3C27 /* Puzzle.swift */ = {isa = PBXFileReference; lastKnownFileType = sourcecode.swift; path = Puzzle.swift; sourceTree = "<group>"; };
		BF60D4382571BCD500DA3C27 /* SolutionView.swift */ = {isa = PBXFileReference; lastKnownFileType = sourcecode.swift; path = SolutionView.swift; sourceTree = "<group>"; };
		BF60D4402571C10A00DA3C27 /* PuzzleDetails.swift */ = {isa = PBXFileReference; lastKnownFileType = sourcecode.swift; path = PuzzleDetails.swift; sourceTree = "<group>"; };
		BF60D4452571C5E500DA3C27 /* PuzzleProcessingView.swift */ = {isa = PBXFileReference; lastKnownFileType = sourcecode.swift; path = PuzzleProcessingView.swift; sourceTree = "<group>"; };
		BF9513A825761E8C002C3100 /* ControlCenter.swift */ = {isa = PBXFileReference; lastKnownFileType = sourcecode.swift; path = ControlCenter.swift; sourceTree = "<group>"; };
		BF9513B52576255D002C3100 /* TestPuzzle.swift */ = {isa = PBXFileReference; lastKnownFileType = sourcecode.swift; path = TestPuzzle.swift; sourceTree = "<group>"; };
		BF9513BC257627D9002C3100 /* DetailsView1.swift */ = {isa = PBXFileReference; lastKnownFileType = sourcecode.swift; path = DetailsView1.swift; sourceTree = "<group>"; };
		BF9513C4257628CE002C3100 /* Solve1Status.swift */ = {isa = PBXFileReference; lastKnownFileType = sourcecode.swift; path = Solve1Status.swift; sourceTree = "<group>"; };
		BFB23DF02585653800B7B7BD /* DetailsView11.swift */ = {isa = PBXFileReference; lastKnownFileType = sourcecode.swift; path = DetailsView11.swift; sourceTree = "<group>"; };
		BFB23DF42585DB4400B7B7BD /* Example13-2.txt */ = {isa = PBXFileReference; lastKnownFileType = text; path = "Example13-2.txt"; sourceTree = "<group>"; };
		BFB23DF82585DB7C00B7B7BD /* Example13-5.txt */ = {isa = PBXFileReference; fileEncoding = 4; lastKnownFileType = text; path = "Example13-5.txt"; sourceTree = "<group>"; };
		BFB23DF92585DB7C00B7B7BD /* Example13-3.txt */ = {isa = PBXFileReference; fileEncoding = 4; lastKnownFileType = text; path = "Example13-3.txt"; sourceTree = "<group>"; };
		BFB23DFA2585DB7C00B7B7BD /* Example13-4.txt */ = {isa = PBXFileReference; fileEncoding = 4; lastKnownFileType = text; path = "Example13-4.txt"; sourceTree = "<group>"; };
		BFB23E002585DBD800B7B7BD /* Example13-6.txt */ = {isa = PBXFileReference; lastKnownFileType = text; path = "Example13-6.txt"; sourceTree = "<group>"; };
		BFB23E082585EC3A00B7B7BD /* MathHelper.swift */ = {isa = PBXFileReference; lastKnownFileType = sourcecode.swift; path = MathHelper.swift; sourceTree = "<group>"; };
		BFB23E0C2585EC9900B7B7BD /* TestMathHelper.swift */ = {isa = PBXFileReference; lastKnownFileType = sourcecode.swift; path = TestMathHelper.swift; sourceTree = "<group>"; };
		BFB23E152585F0B500B7B7BD /* DetailsView12.swift */ = {isa = PBXFileReference; lastKnownFileType = sourcecode.swift; path = DetailsView12.swift; sourceTree = "<group>"; };
		BFB72199257F3AB80021C4C4 /* Input8.txt */ = {isa = PBXFileReference; fileEncoding = 4; lastKnownFileType = text; path = Input8.txt; sourceTree = "<group>"; };
		BFB7219A257F3AB80021C4C4 /* Solve8.swift */ = {isa = PBXFileReference; fileEncoding = 4; lastKnownFileType = sourcecode.swift; path = Solve8.swift; sourceTree = "<group>"; };
		BFB7219B257F3AB80021C4C4 /* Example8.txt */ = {isa = PBXFileReference; fileEncoding = 4; lastKnownFileType = text; path = Example8.txt; sourceTree = "<group>"; };
		BFB721A3257F3B300021C4C4 /* TestPuzzle8.swift */ = {isa = PBXFileReference; fileEncoding = 4; lastKnownFileType = sourcecode.swift; path = TestPuzzle8.swift; sourceTree = "<group>"; };
		BFB721AD257F3D730021C4C4 /* Input21.txt */ = {isa = PBXFileReference; fileEncoding = 4; lastKnownFileType = text; path = Input21.txt; sourceTree = "<group>"; };
		BFB721AE257F3D730021C4C4 /* Example21.txt */ = {isa = PBXFileReference; fileEncoding = 4; lastKnownFileType = text; path = Example21.txt; sourceTree = "<group>"; };
		BFB721AF257F3D730021C4C4 /* Solve21.swift */ = {isa = PBXFileReference; fileEncoding = 4; lastKnownFileType = sourcecode.swift; path = Solve21.swift; sourceTree = "<group>"; };
		BFB721B1257F3D730021C4C4 /* Input19.txt */ = {isa = PBXFileReference; fileEncoding = 4; lastKnownFileType = text; path = Input19.txt; sourceTree = "<group>"; };
		BFB721B2257F3D730021C4C4 /* Example19.txt */ = {isa = PBXFileReference; fileEncoding = 4; lastKnownFileType = text; path = Example19.txt; sourceTree = "<group>"; };
		BFB721B3257F3D730021C4C4 /* Solve19.swift */ = {isa = PBXFileReference; fileEncoding = 4; lastKnownFileType = sourcecode.swift; path = Solve19.swift; sourceTree = "<group>"; };
		BFB721B5257F3D730021C4C4 /* Solve10.swift */ = {isa = PBXFileReference; fileEncoding = 4; lastKnownFileType = sourcecode.swift; path = Solve10.swift; sourceTree = "<group>"; };
		BFB721B6257F3D730021C4C4 /* Input10.txt */ = {isa = PBXFileReference; fileEncoding = 4; lastKnownFileType = text; path = Input10.txt; sourceTree = "<group>"; };
		BFB721B7257F3D730021C4C4 /* Example10.txt */ = {isa = PBXFileReference; fileEncoding = 4; lastKnownFileType = text; path = Example10.txt; sourceTree = "<group>"; };
		BFB721B9257F3D740021C4C4 /* Solve18.swift */ = {isa = PBXFileReference; fileEncoding = 4; lastKnownFileType = sourcecode.swift; path = Solve18.swift; sourceTree = "<group>"; };
		BFB721BA257F3D740021C4C4 /* Input18.txt */ = {isa = PBXFileReference; fileEncoding = 4; lastKnownFileType = text; path = Input18.txt; sourceTree = "<group>"; };
		BFB721BB257F3D740021C4C4 /* Example18.txt */ = {isa = PBXFileReference; fileEncoding = 4; lastKnownFileType = text; path = Example18.txt; sourceTree = "<group>"; };
		BFB721BD257F3D740021C4C4 /* Input22.txt */ = {isa = PBXFileReference; fileEncoding = 4; lastKnownFileType = text; path = Input22.txt; sourceTree = "<group>"; };
		BFB721BE257F3D740021C4C4 /* Example22.txt */ = {isa = PBXFileReference; fileEncoding = 4; lastKnownFileType = text; path = Example22.txt; sourceTree = "<group>"; };
		BFB721BF257F3D740021C4C4 /* Solve22.swift */ = {isa = PBXFileReference; fileEncoding = 4; lastKnownFileType = sourcecode.swift; path = Solve22.swift; sourceTree = "<group>"; };
		BFB721C1257F3D740021C4C4 /* Solve25.swift */ = {isa = PBXFileReference; fileEncoding = 4; lastKnownFileType = sourcecode.swift; path = Solve25.swift; sourceTree = "<group>"; };
		BFB721C2257F3D740021C4C4 /* Input25.txt */ = {isa = PBXFileReference; fileEncoding = 4; lastKnownFileType = text; path = Input25.txt; sourceTree = "<group>"; };
		BFB721C3257F3D740021C4C4 /* Example25.txt */ = {isa = PBXFileReference; fileEncoding = 4; lastKnownFileType = text; path = Example25.txt; sourceTree = "<group>"; };
		BFB721C5257F3D740021C4C4 /* Solve12.swift */ = {isa = PBXFileReference; fileEncoding = 4; lastKnownFileType = sourcecode.swift; path = Solve12.swift; sourceTree = "<group>"; };
		BFB721C6257F3D740021C4C4 /* Input12.txt */ = {isa = PBXFileReference; fileEncoding = 4; lastKnownFileType = text; path = Input12.txt; sourceTree = "<group>"; };
		BFB721C7257F3D740021C4C4 /* Example12.txt */ = {isa = PBXFileReference; fileEncoding = 4; lastKnownFileType = text; path = Example12.txt; sourceTree = "<group>"; };
		BFB721C9257F3D740021C4C4 /* Solve17.swift */ = {isa = PBXFileReference; fileEncoding = 4; lastKnownFileType = sourcecode.swift; path = Solve17.swift; sourceTree = "<group>"; };
		BFB721CA257F3D740021C4C4 /* Input17.txt */ = {isa = PBXFileReference; fileEncoding = 4; lastKnownFileType = text; path = Input17.txt; sourceTree = "<group>"; };
		BFB721CB257F3D740021C4C4 /* Example17.txt */ = {isa = PBXFileReference; fileEncoding = 4; lastKnownFileType = text; path = Example17.txt; sourceTree = "<group>"; };
		BFB721CD257F3D740021C4C4 /* Solve16.swift */ = {isa = PBXFileReference; fileEncoding = 4; lastKnownFileType = sourcecode.swift; path = Solve16.swift; sourceTree = "<group>"; };
		BFB721CE257F3D740021C4C4 /* Input16.txt */ = {isa = PBXFileReference; fileEncoding = 4; lastKnownFileType = text; path = Input16.txt; sourceTree = "<group>"; };
		BFB721CF257F3D740021C4C4 /* Example16.txt */ = {isa = PBXFileReference; fileEncoding = 4; lastKnownFileType = text; path = Example16.txt; sourceTree = "<group>"; };
		BFB721D1257F3D740021C4C4 /* Input23.txt */ = {isa = PBXFileReference; fileEncoding = 4; lastKnownFileType = text; path = Input23.txt; sourceTree = "<group>"; };
		BFB721D2257F3D740021C4C4 /* Solve23.swift */ = {isa = PBXFileReference; fileEncoding = 4; lastKnownFileType = sourcecode.swift; path = Solve23.swift; sourceTree = "<group>"; };
		BFB721D3257F3D740021C4C4 /* Example23.txt */ = {isa = PBXFileReference; fileEncoding = 4; lastKnownFileType = text; path = Example23.txt; sourceTree = "<group>"; };
		BFB721D5257F3D740021C4C4 /* Input24.txt */ = {isa = PBXFileReference; fileEncoding = 4; lastKnownFileType = text; path = Input24.txt; sourceTree = "<group>"; };
		BFB721D6257F3D740021C4C4 /* Example24.txt */ = {isa = PBXFileReference; fileEncoding = 4; lastKnownFileType = text; path = Example24.txt; sourceTree = "<group>"; };
		BFB721D7257F3D740021C4C4 /* Solve24.swift */ = {isa = PBXFileReference; fileEncoding = 4; lastKnownFileType = sourcecode.swift; path = Solve24.swift; sourceTree = "<group>"; };
		BFB721D9257F3D740021C4C4 /* Input9.txt */ = {isa = PBXFileReference; fileEncoding = 4; lastKnownFileType = text; path = Input9.txt; sourceTree = "<group>"; };
		BFB721DA257F3D740021C4C4 /* Solve9.swift */ = {isa = PBXFileReference; fileEncoding = 4; lastKnownFileType = sourcecode.swift; path = Solve9.swift; sourceTree = "<group>"; };
		BFB721DB257F3D740021C4C4 /* Example9.txt */ = {isa = PBXFileReference; fileEncoding = 4; lastKnownFileType = text; path = Example9.txt; sourceTree = "<group>"; };
		BFB721DD257F3D740021C4C4 /* Solve13.swift */ = {isa = PBXFileReference; fileEncoding = 4; lastKnownFileType = sourcecode.swift; path = Solve13.swift; sourceTree = "<group>"; };
		BFB721DE257F3D740021C4C4 /* Input13.txt */ = {isa = PBXFileReference; fileEncoding = 4; lastKnownFileType = text; path = Input13.txt; sourceTree = "<group>"; };
		BFB721DF257F3D740021C4C4 /* Example13.txt */ = {isa = PBXFileReference; fileEncoding = 4; lastKnownFileType = text; path = Example13.txt; sourceTree = "<group>"; };
		BFB721E1257F3D740021C4C4 /* Solve15.swift */ = {isa = PBXFileReference; fileEncoding = 4; lastKnownFileType = sourcecode.swift; path = Solve15.swift; sourceTree = "<group>"; };
		BFB721E5257F3D740021C4C4 /* Solve14.swift */ = {isa = PBXFileReference; fileEncoding = 4; lastKnownFileType = sourcecode.swift; path = Solve14.swift; sourceTree = "<group>"; };
		BFB721E6257F3D740021C4C4 /* Input14.txt */ = {isa = PBXFileReference; fileEncoding = 4; lastKnownFileType = text; path = Input14.txt; sourceTree = "<group>"; };
		BFB721E7257F3D740021C4C4 /* Example14.txt */ = {isa = PBXFileReference; fileEncoding = 4; lastKnownFileType = text; path = Example14.txt; sourceTree = "<group>"; };
		BFB721E9257F3D740021C4C4 /* Input20.txt */ = {isa = PBXFileReference; fileEncoding = 4; lastKnownFileType = text; path = Input20.txt; sourceTree = "<group>"; };
		BFB721EA257F3D740021C4C4 /* Example20.txt */ = {isa = PBXFileReference; fileEncoding = 4; lastKnownFileType = text; path = Example20.txt; sourceTree = "<group>"; };
		BFB721EB257F3D740021C4C4 /* Solve20.swift */ = {isa = PBXFileReference; fileEncoding = 4; lastKnownFileType = sourcecode.swift; path = Solve20.swift; sourceTree = "<group>"; };
		BFB721ED257F3D740021C4C4 /* Solve11.swift */ = {isa = PBXFileReference; fileEncoding = 4; lastKnownFileType = sourcecode.swift; path = Solve11.swift; sourceTree = "<group>"; };
		BFB721EE257F3D740021C4C4 /* Input11.txt */ = {isa = PBXFileReference; fileEncoding = 4; lastKnownFileType = text; path = Input11.txt; sourceTree = "<group>"; };
		BFB721EF257F3D740021C4C4 /* Example11.txt */ = {isa = PBXFileReference; fileEncoding = 4; lastKnownFileType = text; path = Example11.txt; sourceTree = "<group>"; };
		BFB8FED9257CB45A001CE683 /* Example6.txt */ = {isa = PBXFileReference; fileEncoding = 4; lastKnownFileType = text; path = Example6.txt; sourceTree = "<group>"; };
		BFB8FEDA257CB45A001CE683 /* Input6.txt */ = {isa = PBXFileReference; fileEncoding = 4; lastKnownFileType = text; path = Input6.txt; sourceTree = "<group>"; };
		BFB8FEDB257CB45A001CE683 /* Solve6.swift */ = {isa = PBXFileReference; fileEncoding = 4; lastKnownFileType = sourcecode.swift; path = Solve6.swift; sourceTree = "<group>"; };
		BFB8FEE4257CB48D001CE683 /* TestPuzzle6.swift */ = {isa = PBXFileReference; fileEncoding = 4; lastKnownFileType = sourcecode.swift; path = TestPuzzle6.swift; sourceTree = "<group>"; };
		BFB8FEEB257DFC55001CE683 /* Example7.txt */ = {isa = PBXFileReference; fileEncoding = 4; lastKnownFileType = text; path = Example7.txt; sourceTree = "<group>"; };
		BFB8FEEC257DFC55001CE683 /* Input7.txt */ = {isa = PBXFileReference; fileEncoding = 4; lastKnownFileType = text; path = Input7.txt; sourceTree = "<group>"; };
		BFB8FEED257DFC55001CE683 /* Solve7.swift */ = {isa = PBXFileReference; fileEncoding = 4; lastKnownFileType = sourcecode.swift; path = Solve7.swift; sourceTree = "<group>"; };
		BFB8FEF6257DFFA9001CE683 /* TestPuzzle7.swift */ = {isa = PBXFileReference; fileEncoding = 4; lastKnownFileType = sourcecode.swift; path = TestPuzzle7.swift; sourceTree = "<group>"; };
		BFB8FEFC257E1002001CE683 /* Example7-2.txt */ = {isa = PBXFileReference; fileEncoding = 4; lastKnownFileType = text; path = "Example7-2.txt"; sourceTree = "<group>"; };
		BFE59D1A2579FBB000CBE639 /* Solve4.swift */ = {isa = PBXFileReference; fileEncoding = 4; lastKnownFileType = sourcecode.swift; path = Solve4.swift; sourceTree = "<group>"; };
		BFE59D1B2579FBB000CBE639 /* Input4.txt */ = {isa = PBXFileReference; fileEncoding = 4; lastKnownFileType = text; path = Input4.txt; sourceTree = "<group>"; };
		BFE59D1C2579FBB000CBE639 /* Example4.txt */ = {isa = PBXFileReference; fileEncoding = 4; lastKnownFileType = text; path = Example4.txt; sourceTree = "<group>"; };
		BFE59D272579FBE400CBE639 /* TestPuzzle4.swift */ = {isa = PBXFileReference; fileEncoding = 4; lastKnownFileType = sourcecode.swift; path = TestPuzzle4.swift; sourceTree = "<group>"; };
		BFE59D39257A041B00CBE639 /* Example4b-invalid.txt */ = {isa = PBXFileReference; fileEncoding = 4; lastKnownFileType = text; path = "Example4b-invalid.txt"; sourceTree = "<group>"; };
		BFE59D3A257A041B00CBE639 /* Example4b-valid.txt */ = {isa = PBXFileReference; fileEncoding = 4; lastKnownFileType = text; path = "Example4b-valid.txt"; sourceTree = "<group>"; };
		BFE59D4A257A0ECB00CBE639 /* DetailsView4.swift */ = {isa = PBXFileReference; lastKnownFileType = sourcecode.swift; path = DetailsView4.swift; sourceTree = "<group>"; };
		BFE59D50257A15E400CBE639 /* ProcessingIndicatorView.swift */ = {isa = PBXFileReference; lastKnownFileType = sourcecode.swift; path = ProcessingIndicatorView.swift; sourceTree = "<group>"; };
		BFEBED0525873851007EAE49 /* Example14-2.txt */ = {isa = PBXFileReference; lastKnownFileType = text; path = "Example14-2.txt"; sourceTree = "<group>"; };
		BFF06E372578AB0600725DE7 /* Example3.txt */ = {isa = PBXFileReference; lastKnownFileType = text; path = Example3.txt; sourceTree = "<group>"; };
		BFF06E3D2578AB1300725DE7 /* Input3.txt */ = {isa = PBXFileReference; lastKnownFileType = text; path = Input3.txt; sourceTree = "<group>"; };
		BFF06E432578AB2000725DE7 /* Solve3.swift */ = {isa = PBXFileReference; lastKnownFileType = sourcecode.swift; path = Solve3.swift; sourceTree = "<group>"; };
		BFF06E472578ABB400725DE7 /* TestPuzzle3.swift */ = {isa = PBXFileReference; lastKnownFileType = sourcecode.swift; path = TestPuzzle3.swift; sourceTree = "<group>"; };
		BFF06E4E2578AC6C00725DE7 /* Position2D.swift */ = {isa = PBXFileReference; lastKnownFileType = sourcecode.swift; path = Position2D.swift; sourceTree = "<group>"; };
		BFF06E552578B18300725DE7 /* StringExtensions.swift */ = {isa = PBXFileReference; lastKnownFileType = sourcecode.swift; path = StringExtensions.swift; sourceTree = "<group>"; };
		BFF2376D258486E20019D2F2 /* Heading.swift */ = {isa = PBXFileReference; lastKnownFileType = sourcecode.swift; path = Heading.swift; sourceTree = "<group>"; };
		BFF751DC2583140C0033BD7C /* Example10-2.txt */ = {isa = PBXFileReference; lastKnownFileType = text; path = "Example10-2.txt"; sourceTree = "<group>"; };
		BFF751E0258314820033BD7C /* TestPuzzle10.swift */ = {isa = PBXFileReference; lastKnownFileType = sourcecode.swift; path = TestPuzzle10.swift; sourceTree = "<group>"; };
		BFF75216258315CB0033BD7C /* TestPuzzle15.swift */ = {isa = PBXFileReference; fileEncoding = 4; lastKnownFileType = sourcecode.swift; path = TestPuzzle15.swift; sourceTree = "<group>"; };
		BFF75217258315CB0033BD7C /* TestPuzzle21.swift */ = {isa = PBXFileReference; fileEncoding = 4; lastKnownFileType = sourcecode.swift; path = TestPuzzle21.swift; sourceTree = "<group>"; };
		BFF75218258315CB0033BD7C /* TestPuzzle12.swift */ = {isa = PBXFileReference; fileEncoding = 4; lastKnownFileType = sourcecode.swift; path = TestPuzzle12.swift; sourceTree = "<group>"; };
		BFF75219258315CB0033BD7C /* TestPuzzle13.swift */ = {isa = PBXFileReference; fileEncoding = 4; lastKnownFileType = sourcecode.swift; path = TestPuzzle13.swift; sourceTree = "<group>"; };
		BFF7521A258315CB0033BD7C /* TestPuzzle22.swift */ = {isa = PBXFileReference; fileEncoding = 4; lastKnownFileType = sourcecode.swift; path = TestPuzzle22.swift; sourceTree = "<group>"; };
		BFF7521B258315CB0033BD7C /* TestPuzzle19.swift */ = {isa = PBXFileReference; fileEncoding = 4; lastKnownFileType = sourcecode.swift; path = TestPuzzle19.swift; sourceTree = "<group>"; };
		BFF7521C258315CC0033BD7C /* TestPuzzle16.swift */ = {isa = PBXFileReference; fileEncoding = 4; lastKnownFileType = sourcecode.swift; path = TestPuzzle16.swift; sourceTree = "<group>"; };
		BFF7521D258315CC0033BD7C /* TestPuzzle14.swift */ = {isa = PBXFileReference; fileEncoding = 4; lastKnownFileType = sourcecode.swift; path = TestPuzzle14.swift; sourceTree = "<group>"; };
		BFF7521E258315CC0033BD7C /* TestPuzzle25.swift */ = {isa = PBXFileReference; fileEncoding = 4; lastKnownFileType = sourcecode.swift; path = TestPuzzle25.swift; sourceTree = "<group>"; };
		BFF7521F258315CC0033BD7C /* TestPuzzle24.swift */ = {isa = PBXFileReference; fileEncoding = 4; lastKnownFileType = sourcecode.swift; path = TestPuzzle24.swift; sourceTree = "<group>"; };
		BFF75220258315CC0033BD7C /* TestPuzzle18.swift */ = {isa = PBXFileReference; fileEncoding = 4; lastKnownFileType = sourcecode.swift; path = TestPuzzle18.swift; sourceTree = "<group>"; };
		BFF75221258315CC0033BD7C /* TestPuzzle17.swift */ = {isa = PBXFileReference; fileEncoding = 4; lastKnownFileType = sourcecode.swift; path = TestPuzzle17.swift; sourceTree = "<group>"; };
		BFF75222258315CC0033BD7C /* TestPuzzle23.swift */ = {isa = PBXFileReference; fileEncoding = 4; lastKnownFileType = sourcecode.swift; path = TestPuzzle23.swift; sourceTree = "<group>"; };
		BFF75223258315CC0033BD7C /* TestPuzzle11.swift */ = {isa = PBXFileReference; fileEncoding = 4; lastKnownFileType = sourcecode.swift; path = TestPuzzle11.swift; sourceTree = "<group>"; };
		BFF75224258315CC0033BD7C /* TestPuzzle20.swift */ = {isa = PBXFileReference; fileEncoding = 4; lastKnownFileType = sourcecode.swift; path = TestPuzzle20.swift; sourceTree = "<group>"; };
/* End PBXFileReference section */

/* Begin PBXFrameworksBuildPhase section */
		BF60D3EC2571B42700DA3C27 /* Frameworks */ = {
			isa = PBXFrameworksBuildPhase;
			buildActionMask = 2147483647;
			files = (
			);
			runOnlyForDeploymentPostprocessing = 0;
		};
		BF60D3FD2571B42800DA3C27 /* Frameworks */ = {
			isa = PBXFrameworksBuildPhase;
			buildActionMask = 2147483647;
			files = (
			);
			runOnlyForDeploymentPostprocessing = 0;
		};
/* End PBXFrameworksBuildPhase section */

/* Begin PBXGroup section */
		BF0C3B72257B5C8F0097E049 /* 5 */ = {
			isa = PBXGroup;
			children = (
				BF0C3B74257B5C8F0097E049 /* Example5.txt */,
				BF0C3B76257B5C8F0097E049 /* Input5.txt */,
				BF0C3B75257B5C8F0097E049 /* Solve5.swift */,
			);
			path = 5;
			sourceTree = "<group>";
		};
		BF125BB82576096F00B6C3B3 /* Puzzles */ = {
			isa = PBXGroup;
			children = (
				BF125BCC25760A2200B6C3B3 /* Helpers */,
				BF125BB92576097700B6C3B3 /* 1 */,
				BF4F526A257756A80036DE28 /* 2 */,
				BFF06E362578AAE600725DE7 /* 3 */,
				BFE59D192579FB7900CBE639 /* 4 */,
				BF0C3B72257B5C8F0097E049 /* 5 */,
				BFB8FED8257CB45A001CE683 /* 6 */,
				BFB8FEEA257DFC55001CE683 /* 7 */,
				BFB72198257F3AB80021C4C4 /* 8 */,
				BFB721D8257F3D740021C4C4 /* 9 */,
				BFB721B4257F3D730021C4C4 /* 10 */,
				BFB721EC257F3D740021C4C4 /* 11 */,
				BFB721C4257F3D740021C4C4 /* 12 */,
				BFB721DC257F3D740021C4C4 /* 13 */,
				BFB721E4257F3D740021C4C4 /* 14 */,
				BFB721E0257F3D740021C4C4 /* 15 */,
				BFB721CC257F3D740021C4C4 /* 16 */,
				BFB721C8257F3D740021C4C4 /* 17 */,
				BFB721B8257F3D740021C4C4 /* 18 */,
				BFB721B0257F3D730021C4C4 /* 19 */,
				BFB721E8257F3D740021C4C4 /* 20 */,
				BFB721AC257F3D730021C4C4 /* 21 */,
				BFB721BC257F3D740021C4C4 /* 22 */,
				BFB721D0257F3D740021C4C4 /* 23 */,
				BFB721D4257F3D740021C4C4 /* 24 */,
				BFB721C0257F3D740021C4C4 /* 25 */,
				BF125C022576107100B6C3B3 /* PuzzleSolver.swift */,
			);
			path = Puzzles;
			sourceTree = "<group>";
		};
		BF125BB92576097700B6C3B3 /* 1 */ = {
			isa = PBXGroup;
			children = (
				BF125BBA2576099700B6C3B3 /* Input1.txt */,
				BF125BC2257609B700B6C3B3 /* Example1.txt */,
				BF125BC7257609D600B6C3B3 /* Solve1.swift */,
				BF9513C4257628CE002C3100 /* Solve1Status.swift */,
			);
			path = 1;
			sourceTree = "<group>";
		};
		BF125BCC25760A2200B6C3B3 /* Helpers */ = {
			isa = PBXGroup;
			children = (
				BF125BCD25760A2D00B6C3B3 /* FileHelper.swift */,
				BFF06E4E2578AC6C00725DE7 /* Position2D.swift */,
				BF1AFCA9258B1E210013C8CC /* Position3D.swift */,
				BF1AFCB0258B26650013C8CC /* Position4D.swift */,
				BF1AFCB4258B26EE0013C8CC /* Positional.swift */,
				BFF2376D258486E20019D2F2 /* Heading.swift */,
				BFF06E552578B18300725DE7 /* StringExtensions.swift */,
				BFB23E082585EC3A00B7B7BD /* MathHelper.swift */,
			);
			path = Helpers;
			sourceTree = "<group>";
		};
		BF125BF825760F8000B6C3B3 /* UI */ = {
			isa = PBXGroup;
			children = (
				BFE59D4F257A15D100CBE639 /* Common */,
				BF9513BB257627B5002C3100 /* Details */,
				BF60D3F42571B42700DA3C27 /* MainView.swift */,
				BF9513A825761E8C002C3100 /* ControlCenter.swift */,
				BF60D4402571C10A00DA3C27 /* PuzzleDetails.swift */,
				BF60D4292571B53A00DA3C27 /* PuzzleCard.swift */,
				BF60D4382571BCD500DA3C27 /* SolutionView.swift */,
				BF60D4452571C5E500DA3C27 /* PuzzleProcessingView.swift */,
				BF56417D2571C70900FC14B7 /* PuzzleProcessing.swift */,
			);
			path = UI;
			sourceTree = "<group>";
		};
		BF125BF925760F9300B6C3B3 /* Program */ = {
			isa = PBXGroup;
			children = (
				BF60D3F62571B42800DA3C27 /* Assets.xcassets */,
				BF60D3F22571B42700DA3C27 /* AOC2020App.swift */,
			);
			path = Program;
			sourceTree = "<group>";
		};
		BF4F526A257756A80036DE28 /* 2 */ = {
			isa = PBXGroup;
			children = (
				BF4F526B257756B70036DE28 /* Solve2.swift */,
				BF4F5271257756D60036DE28 /* Example2.txt */,
				BF4F52752577572C0036DE28 /* Input2.txt */,
			);
			path = 2;
			sourceTree = "<group>";
		};
		BF60D3E62571B42700DA3C27 = {
			isa = PBXGroup;
			children = (
				BF60D3F12571B42700DA3C27 /* AOC2020 */,
				BF60D4032571B42800DA3C27 /* AOC2020Tests */,
				BF60D3F02571B42700DA3C27 /* Products */,
			);
			sourceTree = "<group>";
		};
		BF60D3F02571B42700DA3C27 /* Products */ = {
			isa = PBXGroup;
			children = (
				BF60D3EF2571B42700DA3C27 /* AOC2020.app */,
				BF60D4002571B42800DA3C27 /* AOC2020Tests.xctest */,
			);
			name = Products;
			sourceTree = "<group>";
		};
		BF60D3F12571B42700DA3C27 /* AOC2020 */ = {
			isa = PBXGroup;
			children = (
				BF60D3FB2571B42800DA3C27 /* Info.plist */,
				BF125BB82576096F00B6C3B3 /* Puzzles */,
				BF60D42E2571B56500DA3C27 /* Puzzles.swift */,
				BF60D4332571B6A500DA3C27 /* Puzzle.swift */,
				BF125BF825760F8000B6C3B3 /* UI */,
				BF60D3F82571B42800DA3C27 /* Preview Content */,
				BF125BF925760F9300B6C3B3 /* Program */,
			);
			path = AOC2020;
			sourceTree = "<group>";
		};
		BF60D3F82571B42800DA3C27 /* Preview Content */ = {
			isa = PBXGroup;
			children = (
				BF60D3F92571B42800DA3C27 /* Preview Assets.xcassets */,
				BF5641782571C66500FC14B7 /* PuzzlePreviewData.swift */,
			);
			path = "Preview Content";
			sourceTree = "<group>";
		};
		BF60D4032571B42800DA3C27 /* AOC2020Tests */ = {
			isa = PBXGroup;
			children = (
				BF9513B52576255D002C3100 /* TestPuzzle.swift */,
				BF125BD225760BDB00B6C3B3 /* TestPuzzle1.swift */,
				BF4F527B25775A170036DE28 /* TestPuzzle2.swift */,
				BFF06E472578ABB400725DE7 /* TestPuzzle3.swift */,
				BFE59D272579FBE400CBE639 /* TestPuzzle4.swift */,
				BF0C3B90257B5DC50097E049 /* TestPuzzle5.swift */,
				BFB8FEE4257CB48D001CE683 /* TestPuzzle6.swift */,
				BFB8FEF6257DFFA9001CE683 /* TestPuzzle7.swift */,
				BFB721A3257F3B300021C4C4 /* TestPuzzle8.swift */,
				BF1A1A6C2580910A003F885D /* TestPuzzle9.swift */,
				BFF751E0258314820033BD7C /* TestPuzzle10.swift */,
				BFF75223258315CC0033BD7C /* TestPuzzle11.swift */,
				BFF75218258315CB0033BD7C /* TestPuzzle12.swift */,
				BFF75219258315CB0033BD7C /* TestPuzzle13.swift */,
				BFF7521D258315CC0033BD7C /* TestPuzzle14.swift */,
				BFF75216258315CB0033BD7C /* TestPuzzle15.swift */,
				BFF7521C258315CC0033BD7C /* TestPuzzle16.swift */,
				BFF75221258315CC0033BD7C /* TestPuzzle17.swift */,
				BFF75220258315CC0033BD7C /* TestPuzzle18.swift */,
				BFF7521B258315CB0033BD7C /* TestPuzzle19.swift */,
				BFF75224258315CC0033BD7C /* TestPuzzle20.swift */,
				BFF75217258315CB0033BD7C /* TestPuzzle21.swift */,
				BFF7521A258315CB0033BD7C /* TestPuzzle22.swift */,
				BFF75222258315CC0033BD7C /* TestPuzzle23.swift */,
				BFF7521F258315CC0033BD7C /* TestPuzzle24.swift */,
				BFF7521E258315CC0033BD7C /* TestPuzzle25.swift */,
				BF60D4062571B42800DA3C27 /* Info.plist */,
				BFB23E0C2585EC9900B7B7BD /* TestMathHelper.swift */,
			);
			path = AOC2020Tests;
			sourceTree = "<group>";
		};
		BF9513BB257627B5002C3100 /* Details */ = {
			isa = PBXGroup;
			children = (
				BF9513BC257627D9002C3100 /* DetailsView1.swift */,
				BFE59D4A257A0ECB00CBE639 /* DetailsView4.swift */,
				BFB23DF02585653800B7B7BD /* DetailsView11.swift */,
				BFB23E152585F0B500B7B7BD /* DetailsView12.swift */,
			);
			path = Details;
			sourceTree = "<group>";
		};
		BFB72198257F3AB80021C4C4 /* 8 */ = {
			isa = PBXGroup;
			children = (
				BFB72199257F3AB80021C4C4 /* Input8.txt */,
				BFB7219B257F3AB80021C4C4 /* Example8.txt */,
				BFB7219A257F3AB80021C4C4 /* Solve8.swift */,
			);
			path = 8;
			sourceTree = "<group>";
		};
		BFB721AC257F3D730021C4C4 /* 21 */ = {
			isa = PBXGroup;
			children = (
				BFB721AE257F3D730021C4C4 /* Example21.txt */,
				BFB721AD257F3D730021C4C4 /* Input21.txt */,
				BFB721AF257F3D730021C4C4 /* Solve21.swift */,
			);
			path = 21;
			sourceTree = "<group>";
		};
		BFB721B0257F3D730021C4C4 /* 19 */ = {
			isa = PBXGroup;
			children = (
				BFB721B2257F3D730021C4C4 /* Example19.txt */,
				BFB721B1257F3D730021C4C4 /* Input19.txt */,
				BFB721B3257F3D730021C4C4 /* Solve19.swift */,
			);
			path = 19;
			sourceTree = "<group>";
		};
		BFB721B4257F3D730021C4C4 /* 10 */ = {
			isa = PBXGroup;
			children = (
				BFB721B6257F3D730021C4C4 /* Input10.txt */,
				BFB721B7257F3D730021C4C4 /* Example10.txt */,
				BFF751DC2583140C0033BD7C /* Example10-2.txt */,
				BFB721B5257F3D730021C4C4 /* Solve10.swift */,
			);
			path = 10;
			sourceTree = "<group>";
		};
		BFB721B8257F3D740021C4C4 /* 18 */ = {
			isa = PBXGroup;
			children = (
				BFB721BB257F3D740021C4C4 /* Example18.txt */,
				BFB721BA257F3D740021C4C4 /* Input18.txt */,
				BFB721B9257F3D740021C4C4 /* Solve18.swift */,
			);
			path = 18;
			sourceTree = "<group>";
		};
		BFB721BC257F3D740021C4C4 /* 22 */ = {
			isa = PBXGroup;
			children = (
				BFB721BE257F3D740021C4C4 /* Example22.txt */,
				BFB721BD257F3D740021C4C4 /* Input22.txt */,
				BFB721BF257F3D740021C4C4 /* Solve22.swift */,
			);
			path = 22;
			sourceTree = "<group>";
		};
		BFB721C0257F3D740021C4C4 /* 25 */ = {
			isa = PBXGroup;
			children = (
				BFB721C3257F3D740021C4C4 /* Example25.txt */,
				BFB721C2257F3D740021C4C4 /* Input25.txt */,
				BFB721C1257F3D740021C4C4 /* Solve25.swift */,
			);
			path = 25;
			sourceTree = "<group>";
		};
		BFB721C4257F3D740021C4C4 /* 12 */ = {
			isa = PBXGroup;
			children = (
				BFB721C7257F3D740021C4C4 /* Example12.txt */,
				BFB721C6257F3D740021C4C4 /* Input12.txt */,
				BFB721C5257F3D740021C4C4 /* Solve12.swift */,
			);
			path = 12;
			sourceTree = "<group>";
		};
		BFB721C8257F3D740021C4C4 /* 17 */ = {
			isa = PBXGroup;
			children = (
				BFB721CB257F3D740021C4C4 /* Example17.txt */,
				BFB721CA257F3D740021C4C4 /* Input17.txt */,
				BFB721C9257F3D740021C4C4 /* Solve17.swift */,
			);
			path = 17;
			sourceTree = "<group>";
		};
		BFB721CC257F3D740021C4C4 /* 16 */ = {
			isa = PBXGroup;
			children = (
				BFB721CF257F3D740021C4C4 /* Example16.txt */,
				BF3B15F22589D75900061C31 /* Example16-2.txt */,
				BFB721CE257F3D740021C4C4 /* Input16.txt */,
				BFB721CD257F3D740021C4C4 /* Solve16.swift */,
			);
			path = 16;
			sourceTree = "<group>";
		};
		BFB721D0257F3D740021C4C4 /* 23 */ = {
			isa = PBXGroup;
			children = (
				BFB721D3257F3D740021C4C4 /* Example23.txt */,
				BFB721D1257F3D740021C4C4 /* Input23.txt */,
				BFB721D2257F3D740021C4C4 /* Solve23.swift */,
			);
			path = 23;
			sourceTree = "<group>";
		};
		BFB721D4257F3D740021C4C4 /* 24 */ = {
			isa = PBXGroup;
			children = (
				BFB721D6257F3D740021C4C4 /* Example24.txt */,
				BFB721D5257F3D740021C4C4 /* Input24.txt */,
				BFB721D7257F3D740021C4C4 /* Solve24.swift */,
			);
			path = 24;
			sourceTree = "<group>";
		};
		BFB721D8257F3D740021C4C4 /* 9 */ = {
			isa = PBXGroup;
			children = (
				BFB721D9257F3D740021C4C4 /* Input9.txt */,
				BFB721DB257F3D740021C4C4 /* Example9.txt */,
				BFB721DA257F3D740021C4C4 /* Solve9.swift */,
			);
			path = 9;
			sourceTree = "<group>";
		};
		BFB721DC257F3D740021C4C4 /* 13 */ = {
			isa = PBXGroup;
			children = (
				BFB721DF257F3D740021C4C4 /* Example13.txt */,
				BFB23DF42585DB4400B7B7BD /* Example13-2.txt */,
				BFB23DF92585DB7C00B7B7BD /* Example13-3.txt */,
				BFB23DFA2585DB7C00B7B7BD /* Example13-4.txt */,
				BFB23DF82585DB7C00B7B7BD /* Example13-5.txt */,
				BFB23E002585DBD800B7B7BD /* Example13-6.txt */,
				BFB721DE257F3D740021C4C4 /* Input13.txt */,
				BFB721DD257F3D740021C4C4 /* Solve13.swift */,
			);
			path = 13;
			sourceTree = "<group>";
		};
		BFB721E0257F3D740021C4C4 /* 15 */ = {
			isa = PBXGroup;
			children = (
				BFB721E1257F3D740021C4C4 /* Solve15.swift */,
			);
			path = 15;
			sourceTree = "<group>";
		};
		BFB721E4257F3D740021C4C4 /* 14 */ = {
			isa = PBXGroup;
			children = (
				BFB721E7257F3D740021C4C4 /* Example14.txt */,
				BFEBED0525873851007EAE49 /* Example14-2.txt */,
				BFB721E6257F3D740021C4C4 /* Input14.txt */,
				BFB721E5257F3D740021C4C4 /* Solve14.swift */,
			);
			path = 14;
			sourceTree = "<group>";
		};
		BFB721E8257F3D740021C4C4 /* 20 */ = {
			isa = PBXGroup;
			children = (
				BFB721EA257F3D740021C4C4 /* Example20.txt */,
				BFB721E9257F3D740021C4C4 /* Input20.txt */,
				BFB721EB257F3D740021C4C4 /* Solve20.swift */,
			);
			path = 20;
			sourceTree = "<group>";
		};
		BFB721EC257F3D740021C4C4 /* 11 */ = {
			isa = PBXGroup;
			children = (
				BFB721EF257F3D740021C4C4 /* Example11.txt */,
				BFB721EE257F3D740021C4C4 /* Input11.txt */,
				BFB721ED257F3D740021C4C4 /* Solve11.swift */,
			);
			path = 11;
			sourceTree = "<group>";
		};
		BFB8FED8257CB45A001CE683 /* 6 */ = {
			isa = PBXGroup;
			children = (
				BFB8FED9257CB45A001CE683 /* Example6.txt */,
				BFB8FEDA257CB45A001CE683 /* Input6.txt */,
				BFB8FEDB257CB45A001CE683 /* Solve6.swift */,
			);
			path = 6;
			sourceTree = "<group>";
		};
		BFB8FEEA257DFC55001CE683 /* 7 */ = {
			isa = PBXGroup;
			children = (
				BFB8FEEB257DFC55001CE683 /* Example7.txt */,
				BFB8FEFC257E1002001CE683 /* Example7-2.txt */,
				BFB8FEEC257DFC55001CE683 /* Input7.txt */,
				BFB8FEED257DFC55001CE683 /* Solve7.swift */,
			);
			path = 7;
			sourceTree = "<group>";
		};
		BFE59D192579FB7900CBE639 /* 4 */ = {
			isa = PBXGroup;
			children = (
				BFE59D1C2579FBB000CBE639 /* Example4.txt */,
				BFE59D39257A041B00CBE639 /* Example4b-invalid.txt */,
				BFE59D3A257A041B00CBE639 /* Example4b-valid.txt */,
				BFE59D1B2579FBB000CBE639 /* Input4.txt */,
				BFE59D1A2579FBB000CBE639 /* Solve4.swift */,
			);
			path = 4;
			sourceTree = "<group>";
		};
		BFE59D4F257A15D100CBE639 /* Common */ = {
			isa = PBXGroup;
			children = (
				BFE59D50257A15E400CBE639 /* ProcessingIndicatorView.swift */,
			);
			path = Common;
			sourceTree = "<group>";
		};
		BFF06E362578AAE600725DE7 /* 3 */ = {
			isa = PBXGroup;
			children = (
				BFF06E372578AB0600725DE7 /* Example3.txt */,
				BFF06E3D2578AB1300725DE7 /* Input3.txt */,
				BFF06E432578AB2000725DE7 /* Solve3.swift */,
			);
			path = 3;
			sourceTree = "<group>";
		};
/* End PBXGroup section */

/* Begin PBXNativeTarget section */
		BF60D3EE2571B42700DA3C27 /* AOC2020 */ = {
			isa = PBXNativeTarget;
			buildConfigurationList = BF60D4142571B42800DA3C27 /* Build configuration list for PBXNativeTarget "AOC2020" */;
			buildPhases = (
				BF60D3EB2571B42700DA3C27 /* Sources */,
				BF60D3EC2571B42700DA3C27 /* Frameworks */,
				BF60D3ED2571B42700DA3C27 /* Resources */,
			);
			buildRules = (
			);
			dependencies = (
			);
			name = AOC2020;
			productName = AOC2020;
			productReference = BF60D3EF2571B42700DA3C27 /* AOC2020.app */;
			productType = "com.apple.product-type.application";
		};
		BF60D3FF2571B42800DA3C27 /* AOC2020Tests */ = {
			isa = PBXNativeTarget;
			buildConfigurationList = BF60D4172571B42800DA3C27 /* Build configuration list for PBXNativeTarget "AOC2020Tests" */;
			buildPhases = (
				BF60D3FC2571B42800DA3C27 /* Sources */,
				BF60D3FD2571B42800DA3C27 /* Frameworks */,
				BF60D3FE2571B42800DA3C27 /* Resources */,
			);
			buildRules = (
			);
			dependencies = (
				BF60D4022571B42800DA3C27 /* PBXTargetDependency */,
			);
			name = AOC2020Tests;
			productName = AOC2020Tests;
			productReference = BF60D4002571B42800DA3C27 /* AOC2020Tests.xctest */;
			productType = "com.apple.product-type.bundle.unit-test";
		};
/* End PBXNativeTarget section */

/* Begin PBXProject section */
		BF60D3E72571B42700DA3C27 /* Project object */ = {
			isa = PBXProject;
			attributes = {
				LastSwiftUpdateCheck = 1220;
				LastUpgradeCheck = 1220;
				TargetAttributes = {
					BF60D3EE2571B42700DA3C27 = {
						CreatedOnToolsVersion = 12.2;
					};
					BF60D3FF2571B42800DA3C27 = {
						CreatedOnToolsVersion = 12.2;
						TestTargetID = BF60D3EE2571B42700DA3C27;
					};
				};
			};
			buildConfigurationList = BF60D3EA2571B42700DA3C27 /* Build configuration list for PBXProject "AOC2020" */;
			compatibilityVersion = "Xcode 9.3";
			developmentRegion = en;
			hasScannedForEncodings = 0;
			knownRegions = (
				en,
				Base,
			);
			mainGroup = BF60D3E62571B42700DA3C27;
			productRefGroup = BF60D3F02571B42700DA3C27 /* Products */;
			projectDirPath = "";
			projectRoot = "";
			targets = (
				BF60D3EE2571B42700DA3C27 /* AOC2020 */,
				BF60D3FF2571B42800DA3C27 /* AOC2020Tests */,
			);
		};
/* End PBXProject section */

/* Begin PBXResourcesBuildPhase section */
		BF60D3ED2571B42700DA3C27 /* Resources */ = {
			isa = PBXResourcesBuildPhase;
			buildActionMask = 2147483647;
			files = (
				BF125BBB2576099700B6C3B3 /* Input1.txt in Resources */,
				BFE59D1F2579FBB000CBE639 /* Input4.txt in Resources */,
				BF125BC3257609B700B6C3B3 /* Example1.txt in Resources */,
				BFB23DF52585DB4400B7B7BD /* Example13-2.txt in Resources */,
				BFB72211257F3D740021C4C4 /* Input9.txt in Resources */,
				BFB7220E257F3D740021C4C4 /* Input24.txt in Resources */,
				BFB721FC257F3D740021C4C4 /* Input22.txt in Resources */,
				BFB721FA257F3D740021C4C4 /* Input18.txt in Resources */,
				BFB721F1257F3D740021C4C4 /* Example21.txt in Resources */,
				BFB7220A257F3D740021C4C4 /* Example16.txt in Resources */,
				BFB72201257F3D740021C4C4 /* Example25.txt in Resources */,
				BFB721F0257F3D740021C4C4 /* Input21.txt in Resources */,
				BFB23E012585DBD800B7B7BD /* Example13-6.txt in Resources */,
				BFB72200257F3D740021C4C4 /* Input25.txt in Resources */,
				BFB8FEEE257DFC55001CE683 /* Example7.txt in Resources */,
				BFB7221B257F3D740021C4C4 /* Input14.txt in Resources */,
				BFB721F8257F3D740021C4C4 /* Example10.txt in Resources */,
				BFB7220D257F3D740021C4C4 /* Example23.txt in Resources */,
				BFF751DD2583140C0033BD7C /* Example10-2.txt in Resources */,
				BF3B15F32589D75900061C31 /* Example16-2.txt in Resources */,
				BFB72215257F3D740021C4C4 /* Input13.txt in Resources */,
				BF60D3FA2571B42800DA3C27 /* Preview Assets.xcassets in Resources */,
				BFB7221D257F3D740021C4C4 /* Input20.txt in Resources */,
				BFB721FD257F3D740021C4C4 /* Example22.txt in Resources */,
				BFB72203257F3D740021C4C4 /* Input12.txt in Resources */,
				BFF06E3E2578AB1300725DE7 /* Input3.txt in Resources */,
				BFB72207257F3D740021C4C4 /* Example17.txt in Resources */,
				BFB72206257F3D740021C4C4 /* Input17.txt in Resources */,
				BF4F52762577572C0036DE28 /* Input2.txt in Resources */,
				BFB8FEEF257DFC55001CE683 /* Input7.txt in Resources */,
				BFB7219C257F3AB80021C4C4 /* Input8.txt in Resources */,
				BFB23DFD2585DB7C00B7B7BD /* Example13-4.txt in Resources */,
				BFB72222257F3D740021C4C4 /* Example11.txt in Resources */,
				BFB8FEFD257E1002001CE683 /* Example7-2.txt in Resources */,
				BFB72209257F3D740021C4C4 /* Input16.txt in Resources */,
				BFB7220B257F3D740021C4C4 /* Input23.txt in Resources */,
				BFB7220F257F3D740021C4C4 /* Example24.txt in Resources */,
				BFB8FEDC257CB45A001CE683 /* Example6.txt in Resources */,
				BFB72221257F3D740021C4C4 /* Input11.txt in Resources */,
				BF0C3B7A257B5C8F0097E049 /* Example5.txt in Resources */,
				BFE59D3D257A041B00CBE639 /* Example4b-valid.txt in Resources */,
				BFB23DFB2585DB7C00B7B7BD /* Example13-5.txt in Resources */,
				BFB721F3257F3D740021C4C4 /* Input19.txt in Resources */,
				BFB72216257F3D740021C4C4 /* Example13.txt in Resources */,
				BFB7221C257F3D740021C4C4 /* Example14.txt in Resources */,
				BFE59D212579FBB000CBE639 /* Example4.txt in Resources */,
				BFEBED0625873851007EAE49 /* Example14-2.txt in Resources */,
				BFB7221E257F3D740021C4C4 /* Example20.txt in Resources */,
				BFB72213257F3D740021C4C4 /* Example9.txt in Resources */,
				BFB721FB257F3D740021C4C4 /* Example18.txt in Resources */,
				BFF06E382578AB0600725DE7 /* Example3.txt in Resources */,
				BFB721F4257F3D740021C4C4 /* Example19.txt in Resources */,
				BFB721F7257F3D740021C4C4 /* Input10.txt in Resources */,
				BFB72204257F3D740021C4C4 /* Example12.txt in Resources */,
				BFE59D3B257A041B00CBE639 /* Example4b-invalid.txt in Resources */,
				BF4F5272257756D60036DE28 /* Example2.txt in Resources */,
				BF0C3B7C257B5C8F0097E049 /* Input5.txt in Resources */,
				BFB23DFC2585DB7C00B7B7BD /* Example13-3.txt in Resources */,
				BFB7219E257F3AB80021C4C4 /* Example8.txt in Resources */,
				BFB8FEDD257CB45A001CE683 /* Input6.txt in Resources */,
				BF60D3F72571B42800DA3C27 /* Assets.xcassets in Resources */,
			);
			runOnlyForDeploymentPostprocessing = 0;
		};
		BF60D3FE2571B42800DA3C27 /* Resources */ = {
			isa = PBXResourcesBuildPhase;
			buildActionMask = 2147483647;
			files = (
				BFE59D222579FBB000CBE639 /* Example4.txt in Resources */,
				BFE59D3C257A041B00CBE639 /* Example4b-invalid.txt in Resources */,
				BFE59D3E257A041B00CBE639 /* Example4b-valid.txt in Resources */,
				BF0C3B98257B5E0C0097E049 /* Example5.txt in Resources */,
				BF0C3B97257B5E0C0097E049 /* Input5.txt in Resources */,
				BFE59D202579FBB000CBE639 /* Input4.txt in Resources */,
			);
			runOnlyForDeploymentPostprocessing = 0;
		};
/* End PBXResourcesBuildPhase section */

/* Begin PBXSourcesBuildPhase section */
		BF60D3EB2571B42700DA3C27 /* Sources */ = {
			isa = PBXSourcesBuildPhase;
			buildActionMask = 2147483647;
			files = (
				BFB8FEDE257CB45A001CE683 /* Solve6.swift in Sources */,
				BF60D4342571B6A500DA3C27 /* Puzzle.swift in Sources */,
				BF125BC8257609D600B6C3B3 /* Solve1.swift in Sources */,
				BF125C032576107100B6C3B3 /* PuzzleSolver.swift in Sources */,
				BF60D3F52571B42700DA3C27 /* MainView.swift in Sources */,
				BF60D42F2571B56500DA3C27 /* Puzzles.swift in Sources */,
				BF60D4392571BCD500DA3C27 /* SolutionView.swift in Sources */,
				BFE59D4B257A0ECB00CBE639 /* DetailsView4.swift in Sources */,
				BFB23E092585EC3A00B7B7BD /* MathHelper.swift in Sources */,
				BF60D4412571C10A00DA3C27 /* PuzzleDetails.swift in Sources */,
				BFF2376E258486E20019D2F2 /* Heading.swift in Sources */,
				BF9513BD257627D9002C3100 /* DetailsView1.swift in Sources */,
				BF60D42A2571B53A00DA3C27 /* PuzzleCard.swift in Sources */,
				BFB7220C257F3D740021C4C4 /* Solve23.swift in Sources */,
				BFB7219D257F3AB80021C4C4 /* Solve8.swift in Sources */,
				BFB7221F257F3D740021C4C4 /* Solve20.swift in Sources */,
				BFB721F9257F3D740021C4C4 /* Solve18.swift in Sources */,
				BF56417E2571C70900FC14B7 /* PuzzleProcessing.swift in Sources */,
				BFB23E162585F0B500B7B7BD /* DetailsView12.swift in Sources */,
				BF9513A925761E8C002C3100 /* ControlCenter.swift in Sources */,
				BFF06E442578AB2000725DE7 /* Solve3.swift in Sources */,
				BFB72212257F3D740021C4C4 /* Solve9.swift in Sources */,
				BFB72220257F3D740021C4C4 /* Solve11.swift in Sources */,
				BFF06E562578B18300725DE7 /* StringExtensions.swift in Sources */,
				BFB721FF257F3D740021C4C4 /* Solve25.swift in Sources */,
				BFB721F2257F3D740021C4C4 /* Solve21.swift in Sources */,
				BF9513C5257628CE002C3100 /* Solve1Status.swift in Sources */,
				BFB72210257F3D740021C4C4 /* Solve24.swift in Sources */,
				BF60D3F32571B42700DA3C27 /* AOC2020App.swift in Sources */,
				BFB7221A257F3D740021C4C4 /* Solve14.swift in Sources */,
				BF60D4462571C5E500DA3C27 /* PuzzleProcessingView.swift in Sources */,
				BFB72202257F3D740021C4C4 /* Solve12.swift in Sources */,
				BF1AFCB1258B26650013C8CC /* Position4D.swift in Sources */,
				BFB721FE257F3D740021C4C4 /* Solve22.swift in Sources */,
				BFB72217257F3D740021C4C4 /* Solve15.swift in Sources */,
				BFB72208257F3D740021C4C4 /* Solve16.swift in Sources */,
				BFB721F5257F3D740021C4C4 /* Solve19.swift in Sources */,
				BF1AFCAA258B1E210013C8CC /* Position3D.swift in Sources */,
				BFB72214257F3D740021C4C4 /* Solve13.swift in Sources */,
				BF5641792571C66500FC14B7 /* PuzzlePreviewData.swift in Sources */,
				BFE59D1D2579FBB000CBE639 /* Solve4.swift in Sources */,
				BF0C3B7B257B5C8F0097E049 /* Solve5.swift in Sources */,
				BFB721F6257F3D740021C4C4 /* Solve10.swift in Sources */,
				BFB23DF12585653800B7B7BD /* DetailsView11.swift in Sources */,
				BFB72205257F3D740021C4C4 /* Solve17.swift in Sources */,
				BF4F526C257756B70036DE28 /* Solve2.swift in Sources */,
				BFE59D51257A15E400CBE639 /* ProcessingIndicatorView.swift in Sources */,
				BFF06E4F2578AC6C00725DE7 /* Position2D.swift in Sources */,
				BF125BCE25760A2D00B6C3B3 /* FileHelper.swift in Sources */,
				BF1AFCB5258B26EE0013C8CC /* Positional.swift in Sources */,
				BFB8FEF0257DFC55001CE683 /* Solve7.swift in Sources */,
			);
			runOnlyForDeploymentPostprocessing = 0;
		};
		BF60D3FC2571B42800DA3C27 /* Sources */ = {
			isa = PBXSourcesBuildPhase;
			buildActionMask = 2147483647;
			files = (
				BFB8FEE1257CB45F001CE683 /* Solve6.swift in Sources */,
				BFF751E7258314970033BD7C /* Solve11.swift in Sources */,
				BFF06E592578B24500725DE7 /* StringExtensions.swift in Sources */,
				BFF751ED2583149F0033BD7C /* Solve13.swift in Sources */,
				BF1A1A6D2580910A003F885D /* TestPuzzle9.swift in Sources */,
				BFE59D4C257A0ECB00CBE639 /* DetailsView4.swift in Sources */,
				BFF751FF258314B50033BD7C /* Solve19.swift in Sources */,
				BFF751FC258314B10033BD7C /* Solve18.swift in Sources */,
				BFF75211258314CE0033BD7C /* Solve25.swift in Sources */,
				BFF06E522578ADB400725DE7 /* Position2D.swift in Sources */,
				BF4F527C25775A170036DE28 /* TestPuzzle2.swift in Sources */,
				BFF23771258488D10019D2F2 /* Heading.swift in Sources */,
				BF125BD325760BDB00B6C3B3 /* TestPuzzle1.swift in Sources */,
				BFF7522C258315CC0033BD7C /* TestPuzzle14.swift in Sources */,
				BFF7522E258315CC0033BD7C /* TestPuzzle24.swift in Sources */,
				BFF75205258314BC0033BD7C /* Solve21.swift in Sources */,
				BFE59D292579FBE400CBE639 /* TestPuzzle4.swift in Sources */,
				BFF75208258314C00033BD7C /* Solve22.swift in Sources */,
				BF0C3B91257B5DC50097E049 /* TestPuzzle5.swift in Sources */,
				BF1AFCB8258B27E90013C8CC /* Positional.swift in Sources */,
				BFB721A9257F3B450021C4C4 /* Solve8.swift in Sources */,
				BFF75225258315CC0033BD7C /* TestPuzzle15.swift in Sources */,
				BFF75231258315CC0033BD7C /* TestPuzzle23.swift in Sources */,
				BF4F527F25775A2C0036DE28 /* Solve2.swift in Sources */,
				BF125BD725760C0C00B6C3B3 /* Solve1.swift in Sources */,
				BFE59D52257A15E400CBE639 /* ProcessingIndicatorView.swift in Sources */,
				BFB23E0D2585EC9900B7B7BD /* TestMathHelper.swift in Sources */,
				BFF751F3258314A70033BD7C /* Solve15.swift in Sources */,
				BFB8FEF3257DFC58001CE683 /* Solve7.swift in Sources */,
				BF9513B62576255D002C3100 /* TestPuzzle.swift in Sources */,
				BFB8FEE5257CB48D001CE683 /* TestPuzzle6.swift in Sources */,
				BFF75202258314B90033BD7C /* Solve20.swift in Sources */,
				BF0C3B94257B5E050097E049 /* Solve5.swift in Sources */,
				BFF751F6258314AA0033BD7C /* Solve16.swift in Sources */,
				BFF7522B258315CC0033BD7C /* TestPuzzle16.swift in Sources */,
				BF1A1A7225809123003F885D /* Solve9.swift in Sources */,
				BFF7522A258315CC0033BD7C /* TestPuzzle19.swift in Sources */,
				BFF06E4B2578ABD000725DE7 /* Solve3.swift in Sources */,
				BF9513AE257624C7002C3100 /* PuzzleSolver.swift in Sources */,
				BFF751F0258314A20033BD7C /* Solve14.swift in Sources */,
				BFF06E482578ABB400725DE7 /* TestPuzzle3.swift in Sources */,
				BFF75228258315CC0033BD7C /* TestPuzzle13.swift in Sources */,
				BFF75232258315CC0033BD7C /* TestPuzzle11.swift in Sources */,
				BFF75230258315CC0033BD7C /* TestPuzzle17.swift in Sources */,
				BFF751E1258314820033BD7C /* TestPuzzle10.swift in Sources */,
				BFF751E4258314930033BD7C /* Solve10.swift in Sources */,
				BFF75233258315CC0033BD7C /* TestPuzzle20.swift in Sources */,
				BFF751EA2583149A0033BD7C /* Solve12.swift in Sources */,
				BF1AFCAD258B1F920013C8CC /* Position3D.swift in Sources */,
				BFF751F9258314AD0033BD7C /* Solve17.swift in Sources */,
				BFF75226258315CC0033BD7C /* TestPuzzle21.swift in Sources */,
				BFF7522D258315CC0033BD7C /* TestPuzzle25.swift in Sources */,
				BFF7520E258314CA0033BD7C /* Solve24.swift in Sources */,
				BFF7520B258314C70033BD7C /* Solve23.swift in Sources */,
				BF125BDB25760C2900B6C3B3 /* FileHelper.swift in Sources */,
				BFE59D1E2579FBB000CBE639 /* Solve4.swift in Sources */,
				BF1AFCBB258B2CCC0013C8CC /* Position4D.swift in Sources */,
				BFF75229258315CC0033BD7C /* TestPuzzle22.swift in Sources */,
				BFF75227258315CC0033BD7C /* TestPuzzle12.swift in Sources */,
				BFB23E102585ED0800B7B7BD /* MathHelper.swift in Sources */,
				BFF7522F258315CC0033BD7C /* TestPuzzle18.swift in Sources */,
				BF4F5267257755E80036DE28 /* Solve1Status.swift in Sources */,
				BFB721A4257F3B300021C4C4 /* TestPuzzle8.swift in Sources */,
				BFB8FEF7257DFFA9001CE683 /* TestPuzzle7.swift in Sources */,
			);
			runOnlyForDeploymentPostprocessing = 0;
		};
/* End PBXSourcesBuildPhase section */

/* Begin PBXTargetDependency section */
		BF60D4022571B42800DA3C27 /* PBXTargetDependency */ = {
			isa = PBXTargetDependency;
			target = BF60D3EE2571B42700DA3C27 /* AOC2020 */;
			targetProxy = BF60D4012571B42800DA3C27 /* PBXContainerItemProxy */;
		};
/* End PBXTargetDependency section */

/* Begin XCBuildConfiguration section */
		BF60D4122571B42800DA3C27 /* Debug */ = {
			isa = XCBuildConfiguration;
			buildSettings = {
				ALWAYS_SEARCH_USER_PATHS = NO;
				CLANG_ANALYZER_NONNULL = YES;
				CLANG_ANALYZER_NUMBER_OBJECT_CONVERSION = YES_AGGRESSIVE;
				CLANG_CXX_LANGUAGE_STANDARD = "gnu++14";
				CLANG_CXX_LIBRARY = "libc++";
				CLANG_ENABLE_MODULES = YES;
				CLANG_ENABLE_OBJC_ARC = YES;
				CLANG_ENABLE_OBJC_WEAK = YES;
				CLANG_WARN_BLOCK_CAPTURE_AUTORELEASING = YES;
				CLANG_WARN_BOOL_CONVERSION = YES;
				CLANG_WARN_COMMA = YES;
				CLANG_WARN_CONSTANT_CONVERSION = YES;
				CLANG_WARN_DEPRECATED_OBJC_IMPLEMENTATIONS = YES;
				CLANG_WARN_DIRECT_OBJC_ISA_USAGE = YES_ERROR;
				CLANG_WARN_DOCUMENTATION_COMMENTS = YES;
				CLANG_WARN_EMPTY_BODY = YES;
				CLANG_WARN_ENUM_CONVERSION = YES;
				CLANG_WARN_INFINITE_RECURSION = YES;
				CLANG_WARN_INT_CONVERSION = YES;
				CLANG_WARN_NON_LITERAL_NULL_CONVERSION = YES;
				CLANG_WARN_OBJC_IMPLICIT_RETAIN_SELF = YES;
				CLANG_WARN_OBJC_LITERAL_CONVERSION = YES;
				CLANG_WARN_OBJC_ROOT_CLASS = YES_ERROR;
				CLANG_WARN_QUOTED_INCLUDE_IN_FRAMEWORK_HEADER = YES;
				CLANG_WARN_RANGE_LOOP_ANALYSIS = YES;
				CLANG_WARN_STRICT_PROTOTYPES = YES;
				CLANG_WARN_SUSPICIOUS_MOVE = YES;
				CLANG_WARN_UNGUARDED_AVAILABILITY = YES_AGGRESSIVE;
				CLANG_WARN_UNREACHABLE_CODE = YES;
				CLANG_WARN__DUPLICATE_METHOD_MATCH = YES;
				COPY_PHASE_STRIP = NO;
				DEBUG_INFORMATION_FORMAT = dwarf;
				ENABLE_STRICT_OBJC_MSGSEND = YES;
				ENABLE_TESTABILITY = YES;
				GCC_C_LANGUAGE_STANDARD = gnu11;
				GCC_DYNAMIC_NO_PIC = NO;
				GCC_NO_COMMON_BLOCKS = YES;
				GCC_OPTIMIZATION_LEVEL = 0;
				GCC_PREPROCESSOR_DEFINITIONS = (
					"DEBUG=1",
					"$(inherited)",
				);
				GCC_WARN_64_TO_32_BIT_CONVERSION = YES;
				GCC_WARN_ABOUT_RETURN_TYPE = YES_ERROR;
				GCC_WARN_UNDECLARED_SELECTOR = YES;
				GCC_WARN_UNINITIALIZED_AUTOS = YES_AGGRESSIVE;
				GCC_WARN_UNUSED_FUNCTION = YES;
				GCC_WARN_UNUSED_VARIABLE = YES;
				IPHONEOS_DEPLOYMENT_TARGET = 14.2;
				MTL_ENABLE_DEBUG_INFO = INCLUDE_SOURCE;
				MTL_FAST_MATH = YES;
				ONLY_ACTIVE_ARCH = YES;
				SDKROOT = iphoneos;
				SWIFT_ACTIVE_COMPILATION_CONDITIONS = DEBUG;
				SWIFT_OPTIMIZATION_LEVEL = "-Onone";
			};
			name = Debug;
		};
		BF60D4132571B42800DA3C27 /* Release */ = {
			isa = XCBuildConfiguration;
			buildSettings = {
				ALWAYS_SEARCH_USER_PATHS = NO;
				CLANG_ANALYZER_NONNULL = YES;
				CLANG_ANALYZER_NUMBER_OBJECT_CONVERSION = YES_AGGRESSIVE;
				CLANG_CXX_LANGUAGE_STANDARD = "gnu++14";
				CLANG_CXX_LIBRARY = "libc++";
				CLANG_ENABLE_MODULES = YES;
				CLANG_ENABLE_OBJC_ARC = YES;
				CLANG_ENABLE_OBJC_WEAK = YES;
				CLANG_WARN_BLOCK_CAPTURE_AUTORELEASING = YES;
				CLANG_WARN_BOOL_CONVERSION = YES;
				CLANG_WARN_COMMA = YES;
				CLANG_WARN_CONSTANT_CONVERSION = YES;
				CLANG_WARN_DEPRECATED_OBJC_IMPLEMENTATIONS = YES;
				CLANG_WARN_DIRECT_OBJC_ISA_USAGE = YES_ERROR;
				CLANG_WARN_DOCUMENTATION_COMMENTS = YES;
				CLANG_WARN_EMPTY_BODY = YES;
				CLANG_WARN_ENUM_CONVERSION = YES;
				CLANG_WARN_INFINITE_RECURSION = YES;
				CLANG_WARN_INT_CONVERSION = YES;
				CLANG_WARN_NON_LITERAL_NULL_CONVERSION = YES;
				CLANG_WARN_OBJC_IMPLICIT_RETAIN_SELF = YES;
				CLANG_WARN_OBJC_LITERAL_CONVERSION = YES;
				CLANG_WARN_OBJC_ROOT_CLASS = YES_ERROR;
				CLANG_WARN_QUOTED_INCLUDE_IN_FRAMEWORK_HEADER = YES;
				CLANG_WARN_RANGE_LOOP_ANALYSIS = YES;
				CLANG_WARN_STRICT_PROTOTYPES = YES;
				CLANG_WARN_SUSPICIOUS_MOVE = YES;
				CLANG_WARN_UNGUARDED_AVAILABILITY = YES_AGGRESSIVE;
				CLANG_WARN_UNREACHABLE_CODE = YES;
				CLANG_WARN__DUPLICATE_METHOD_MATCH = YES;
				COPY_PHASE_STRIP = NO;
				DEBUG_INFORMATION_FORMAT = "dwarf-with-dsym";
				ENABLE_NS_ASSERTIONS = NO;
				ENABLE_STRICT_OBJC_MSGSEND = YES;
				GCC_C_LANGUAGE_STANDARD = gnu11;
				GCC_NO_COMMON_BLOCKS = YES;
				GCC_WARN_64_TO_32_BIT_CONVERSION = YES;
				GCC_WARN_ABOUT_RETURN_TYPE = YES_ERROR;
				GCC_WARN_UNDECLARED_SELECTOR = YES;
				GCC_WARN_UNINITIALIZED_AUTOS = YES_AGGRESSIVE;
				GCC_WARN_UNUSED_FUNCTION = YES;
				GCC_WARN_UNUSED_VARIABLE = YES;
				IPHONEOS_DEPLOYMENT_TARGET = 14.2;
				MTL_ENABLE_DEBUG_INFO = NO;
				MTL_FAST_MATH = YES;
				SDKROOT = iphoneos;
				SWIFT_COMPILATION_MODE = wholemodule;
				SWIFT_OPTIMIZATION_LEVEL = "-O";
				VALIDATE_PRODUCT = YES;
			};
			name = Release;
		};
		BF60D4152571B42800DA3C27 /* Debug */ = {
			isa = XCBuildConfiguration;
			buildSettings = {
				ASSETCATALOG_COMPILER_APPICON_NAME = AppIcon;
				ASSETCATALOG_COMPILER_GLOBAL_ACCENT_COLOR_NAME = AccentColor;
				CODE_SIGN_STYLE = Automatic;
				DEVELOPMENT_ASSET_PATHS = "\"AOC2020/Preview Content\"";
				DEVELOPMENT_TEAM = WE3Z3S3MCF;
				ENABLE_PREVIEWS = YES;
				INFOPLIST_FILE = AOC2020/Info.plist;
				IPHONEOS_DEPLOYMENT_TARGET = 14.0;
				LD_RUNPATH_SEARCH_PATHS = (
					"$(inherited)",
					"@executable_path/Frameworks",
				);
				PRODUCT_BUNDLE_IDENTIFIER = com.pineo.AOC2020;
				PRODUCT_NAME = "$(TARGET_NAME)";
				SWIFT_VERSION = 5.0;
				TARGETED_DEVICE_FAMILY = 2;
			};
			name = Debug;
		};
		BF60D4162571B42800DA3C27 /* Release */ = {
			isa = XCBuildConfiguration;
			buildSettings = {
				ASSETCATALOG_COMPILER_APPICON_NAME = AppIcon;
				ASSETCATALOG_COMPILER_GLOBAL_ACCENT_COLOR_NAME = AccentColor;
				CODE_SIGN_STYLE = Automatic;
				DEVELOPMENT_ASSET_PATHS = "\"AOC2020/Preview Content\"";
				DEVELOPMENT_TEAM = WE3Z3S3MCF;
				ENABLE_PREVIEWS = YES;
				INFOPLIST_FILE = AOC2020/Info.plist;
				IPHONEOS_DEPLOYMENT_TARGET = 14.0;
				LD_RUNPATH_SEARCH_PATHS = (
					"$(inherited)",
					"@executable_path/Frameworks",
				);
				PRODUCT_BUNDLE_IDENTIFIER = com.pineo.AOC2020;
				PRODUCT_NAME = "$(TARGET_NAME)";
				SWIFT_VERSION = 5.0;
				TARGETED_DEVICE_FAMILY = 2;
			};
			name = Release;
		};
		BF60D4182571B42800DA3C27 /* Debug */ = {
			isa = XCBuildConfiguration;
			buildSettings = {
				ALWAYS_EMBED_SWIFT_STANDARD_LIBRARIES = YES;
				BUNDLE_LOADER = "$(TEST_HOST)";
				CODE_SIGN_STYLE = Automatic;
				DEVELOPMENT_TEAM = WE3Z3S3MCF;
				INFOPLIST_FILE = AOC2020Tests/Info.plist;
				IPHONEOS_DEPLOYMENT_TARGET = 14.0;
				LD_RUNPATH_SEARCH_PATHS = (
					"$(inherited)",
					"@executable_path/Frameworks",
					"@loader_path/Frameworks",
				);
				PRODUCT_BUNDLE_IDENTIFIER = com.pineo.AOC2020Tests;
				PRODUCT_NAME = "$(TARGET_NAME)";
				SWIFT_VERSION = 5.0;
				TARGETED_DEVICE_FAMILY = "1,2";
				TEST_HOST = "$(BUILT_PRODUCTS_DIR)/AOC2020.app/AOC2020";
			};
			name = Debug;
		};
		BF60D4192571B42800DA3C27 /* Release */ = {
			isa = XCBuildConfiguration;
			buildSettings = {
				ALWAYS_EMBED_SWIFT_STANDARD_LIBRARIES = YES;
				BUNDLE_LOADER = "$(TEST_HOST)";
				CODE_SIGN_STYLE = Automatic;
				DEVELOPMENT_TEAM = WE3Z3S3MCF;
				INFOPLIST_FILE = AOC2020Tests/Info.plist;
				IPHONEOS_DEPLOYMENT_TARGET = 14.0;
				LD_RUNPATH_SEARCH_PATHS = (
					"$(inherited)",
					"@executable_path/Frameworks",
					"@loader_path/Frameworks",
				);
				PRODUCT_BUNDLE_IDENTIFIER = com.pineo.AOC2020Tests;
				PRODUCT_NAME = "$(TARGET_NAME)";
				SWIFT_VERSION = 5.0;
				TARGETED_DEVICE_FAMILY = "1,2";
				TEST_HOST = "$(BUILT_PRODUCTS_DIR)/AOC2020.app/AOC2020";
			};
			name = Release;
		};
/* End XCBuildConfiguration section */

/* Begin XCConfigurationList section */
		BF60D3EA2571B42700DA3C27 /* Build configuration list for PBXProject "AOC2020" */ = {
			isa = XCConfigurationList;
			buildConfigurations = (
				BF60D4122571B42800DA3C27 /* Debug */,
				BF60D4132571B42800DA3C27 /* Release */,
			);
			defaultConfigurationIsVisible = 0;
			defaultConfigurationName = Release;
		};
		BF60D4142571B42800DA3C27 /* Build configuration list for PBXNativeTarget "AOC2020" */ = {
			isa = XCConfigurationList;
			buildConfigurations = (
				BF60D4152571B42800DA3C27 /* Debug */,
				BF60D4162571B42800DA3C27 /* Release */,
			);
			defaultConfigurationIsVisible = 0;
			defaultConfigurationName = Release;
		};
		BF60D4172571B42800DA3C27 /* Build configuration list for PBXNativeTarget "AOC2020Tests" */ = {
			isa = XCConfigurationList;
			buildConfigurations = (
				BF60D4182571B42800DA3C27 /* Debug */,
				BF60D4192571B42800DA3C27 /* Release */,
			);
			defaultConfigurationIsVisible = 0;
			defaultConfigurationName = Release;
		};
/* End XCConfigurationList section */
	};
	rootObject = BF60D3E72571B42700DA3C27 /* Project object */;
}
